PODS:
  - box-ios-browse-sdk (1.0.5):
    - box-ios-sdk
    - MBProgressHUD (~> 0.9.1)
  - box-ios-sdk (1.0.13):
    - box-ios-sdk/logger (= 1.0.13)
    - box-ios-sdk/no-arc (= 1.0.13)
  - box-ios-sdk/logger (1.0.13)
  - box-ios-sdk/no-arc (1.0.13):
    - box-ios-sdk/logger
  - MBProgressHUD (0.9.2)

DEPENDENCIES:
  - box-ios-browse-sdk (from `../`)

EXTERNAL SOURCES:
  box-ios-browse-sdk:
    :path: "../"

SPEC CHECKSUMS:
  box-ios-browse-sdk: b8f399d155360101f3ed6670dbe07d65cc0798c9
  box-ios-sdk: fe2af3f53d4958919195a00a2d281aa29857943c
  MBProgressHUD: 1569cf7ace17a8bac47aabfbb8580a49690386d1

COCOAPODS: 0.39.0
