PODS:
  - box-ios-browse-sdk (1.0.0):
    - box-ios-content-sdk
    - MBProgressHUD (~> 0.9.1)
  - box-ios-content-sdk (1.0.0):
    - box-ios-content-sdk/logger (= 1.0.0)
    - box-ios-content-sdk/no-arc (= 1.0.0)
  - box-ios-content-sdk/logger (1.0.0)
  - box-ios-content-sdk/no-arc (1.0.0):
    - box-ios-content-sdk/logger
  - MBProgressHUD (0.9.1)

DEPENDENCIES:
  - box-ios-browse-sdk (from `../`)

EXTERNAL SOURCES:
  box-ios-browse-sdk:
    :path: ../

SPEC CHECKSUMS:
  box-ios-browse-sdk: 41d016f0036dd68255e37db1ea7af3d80692ff84
  box-ios-content-sdk: 7b572c3ba051a167e526c6fce21abac49970bf9f
  MBProgressHUD: c47f2c166c126cf2ce36498d80f33e754d4e93ad

COCOAPODS: 0.36.3
