PODS:
  - box-ios-browse-sdk (1.0.4):
    - box-ios-sdk
    - MBProgressHUD (~> 0.9.1)
  - box-ios-sdk (1.0.11):
    - box-ios-sdk/logger (= 1.0.11)
    - box-ios-sdk/no-arc (= 1.0.11)
  - box-ios-sdk/logger (1.0.11)
  - box-ios-sdk/no-arc (1.0.11):
    - box-ios-sdk/logger
  - MBProgressHUD (0.9.2)

DEPENDENCIES:
  - box-ios-browse-sdk (from `../`)

EXTERNAL SOURCES:
  box-ios-browse-sdk:
    :path: "../"

SPEC CHECKSUMS:
  box-ios-browse-sdk: 05ee061f8f6b3d79295ac8ad7e782fddba699543
  box-ios-sdk: a34a7c130e83e3d2380d2f6c1f16e589ba7788ba
  MBProgressHUD: 1569cf7ace17a8bac47aabfbb8580a49690386d1

COCOAPODS: 0.39.0
