PODS:
  - box-ios-sdk (1.0.5):
    - box-ios-sdk/logger (= 1.0.5)
    - box-ios-sdk/no-arc (= 1.0.5)
  - box-ios-sdk/logger (1.0.5)
  - box-ios-sdk/no-arc (1.0.5):
    - box-ios-sdk/logger
  - MBProgressHUD (0.9.1)

DEPENDENCIES:
  - box-ios-sdk
  - MBProgressHUD (~> 0.9.1)

SPEC CHECKSUMS:
  box-ios-sdk: 1fe3ae8550a35c67262c107940e6cdf30a6e8fed
  MBProgressHUD: c47f2c166c126cf2ce36498d80f33e754d4e93ad

COCOAPODS: 0.37.2
