// !$*UTF8*$!
{
	archiveVersion = 1;
	classes = {
	};
	objectVersion = 46;
	objects = {

/* Begin PBXBuildFile section */
		11B5CF851C59A3F900FDBE0F /* NSBundle+BOXBrowseSDKAdditions.m in Sources */ = {isa = PBXBuildFile; fileRef = 11B5CF801C59A3F900FDBE0F /* NSBundle+BOXBrowseSDKAdditions.m */; };
		11B5CF8F1C59A53700FDBE0F /* BOXBrowseSDKResourceLocator.m in Sources */ = {isa = PBXBuildFile; fileRef = 11B5CF8C1C59A53700FDBE0F /* BOXBrowseSDKResourceLocator.m */; };
		153113961AC3569100996D00 /* BOXFolderViewController.m in Sources */ = {isa = PBXBuildFile; fileRef = 153113941AC3569100996D00 /* BOXFolderViewController.m */; };
		1564A5371ACA12D1005DD04F /* UIImage+BOXBrowseSDKAdditions.m in Sources */ = {isa = PBXBuildFile; fileRef = 1564A5351ACA12D1005DD04F /* UIImage+BOXBrowseSDKAdditions.m */; };
		1564A6DA1ACB3C9E005DD04F /* BOXThumbnailCache.m in Sources */ = {isa = PBXBuildFile; fileRef = 1564A6D81ACB3C9E005DD04F /* BOXThumbnailCache.m */; };
		15764E0D1ACF42710023C535 /* BOXSearchResultsViewController.m in Sources */ = {isa = PBXBuildFile; fileRef = 15764E0B1ACF42710023C535 /* BOXSearchResultsViewController.m */; };
		15CE09FC1ACC7653006B8614 /* BOXCreateFolderViewController.m in Sources */ = {isa = PBXBuildFile; fileRef = 15CE09FA1ACC7653006B8614 /* BOXCreateFolderViewController.m */; };
		15CE0A0B1ACDEE1A006B8614 /* BOXItemsViewController.m in Sources */ = {isa = PBXBuildFile; fileRef = 15CE0A091ACDEE1A006B8614 /* BOXItemsViewController.m */; };
		15DC5B261AE01EFE003FB3E9 /* BOXItemCell.m in Sources */ = {isa = PBXBuildFile; fileRef = 1564A5541ACA1D68005DD04F /* BOXItemCell.m */; };
		591805EE1E4E69BD004E1B28 /* BOXThumbnailCache.m in Sources */ = {isa = PBXBuildFile; fileRef = 1564A6D81ACB3C9E005DD04F /* BOXThumbnailCache.m */; };
		591805EF1E4E69C1004E1B28 /* DummyStrings.m in Sources */ = {isa = PBXBuildFile; fileRef = 15CE0A061ACD15BA006B8614 /* DummyStrings.m */; };
		591805F01E4E69C5004E1B28 /* NSBundle+BOXBrowseSDKAdditions.m in Sources */ = {isa = PBXBuildFile; fileRef = 11B5CF801C59A3F900FDBE0F /* NSBundle+BOXBrowseSDKAdditions.m */; };
		591805F11E4E69C9004E1B28 /* UIImage+BOXBrowseSDKAdditions.m in Sources */ = {isa = PBXBuildFile; fileRef = 1564A5351ACA12D1005DD04F /* UIImage+BOXBrowseSDKAdditions.m */; };
		591805F21E4E69CD004E1B28 /* BOXItem+BOXBrowseSDKAdditions.m in Sources */ = {isa = PBXBuildFile; fileRef = 11B5CF951C5A88DD00FDBE0F /* BOXItem+BOXBrowseSDKAdditions.m */; };
		591805F31E4E69D0004E1B28 /* BOXCreateFolderViewController.m in Sources */ = {isa = PBXBuildFile; fileRef = 15CE09FA1ACC7653006B8614 /* BOXCreateFolderViewController.m */; };
		591805F41E4E69D3004E1B28 /* BOXFolderViewController.m in Sources */ = {isa = PBXBuildFile; fileRef = 153113941AC3569100996D00 /* BOXFolderViewController.m */; };
		591805F51E4E69D6004E1B28 /* BOXItemsViewController.m in Sources */ = {isa = PBXBuildFile; fileRef = 15CE0A091ACDEE1A006B8614 /* BOXItemsViewController.m */; };
		591805F61E4E69DA004E1B28 /* BOXSearchResultsViewController.m in Sources */ = {isa = PBXBuildFile; fileRef = 15764E0B1ACF42710023C535 /* BOXSearchResultsViewController.m */; };
		591805F71E4E69DE004E1B28 /* BOXBrowseSDKResourceLocator.m in Sources */ = {isa = PBXBuildFile; fileRef = 11B5CF8C1C59A53700FDBE0F /* BOXBrowseSDKResourceLocator.m */; };
		591805F81E4E69E1004E1B28 /* BOXBrowseSDKFileTypeHelper.m in Sources */ = {isa = PBXBuildFile; fileRef = C5DB7DCB1E1BAF40000E91A2 /* BOXBrowseSDKFileTypeHelper.m */; };
		591805F91E4E6BF0004E1B28 /* BOXItemCell.m in Sources */ = {isa = PBXBuildFile; fileRef = 1564A5541ACA1D68005DD04F /* BOXItemCell.m */; };
		591805FA1E4E6C5F004E1B28 /* BoxBrowseSDK.h in Headers */ = {isa = PBXBuildFile; fileRef = 15146EB31AC20B77000BA380 /* BoxBrowseSDK.h */; settings = {ATTRIBUTES = (Public, ); }; };
		591805FB1E4E6C80004E1B28 /* BOXItem+BOXBrowseSDKAdditions.h in Headers */ = {isa = PBXBuildFile; fileRef = 11B5CF941C5A88DD00FDBE0F /* BOXItem+BOXBrowseSDKAdditions.h */; settings = {ATTRIBUTES = (Public, ); }; };
		591805FC1E4E6C80004E1B28 /* BOXBrowseSDKFileTypeHelper.h in Headers */ = {isa = PBXBuildFile; fileRef = C5DB7DCA1E1BAF40000E91A2 /* BOXBrowseSDKFileTypeHelper.h */; settings = {ATTRIBUTES = (Public, ); }; };
		5918060D1E53BC09004E1B28 /* MBProgressHUD.framework in Frameworks */ = {isa = PBXBuildFile; fileRef = 591806031E52A837004E1B28 /* MBProgressHUD.framework */; };
		5918060E1E53BC80004E1B28 /* BOXThumbnailCache.h in Headers */ = {isa = PBXBuildFile; fileRef = 1564A6D71ACB3C9E005DD04F /* BOXThumbnailCache.h */; settings = {ATTRIBUTES = (Public, ); }; };
		5918060F1E53BC80004E1B28 /* DummyStrings.h in Headers */ = {isa = PBXBuildFile; fileRef = 15CE0A051ACD15BA006B8614 /* DummyStrings.h */; settings = {ATTRIBUTES = (Public, ); }; };
		591806101E53BC80004E1B28 /* NSBundle+BOXBrowseSDKAdditions.h in Headers */ = {isa = PBXBuildFile; fileRef = 11B5CF7F1C59A3F900FDBE0F /* NSBundle+BOXBrowseSDKAdditions.h */; settings = {ATTRIBUTES = (Public, ); }; };
		591806111E53BC80004E1B28 /* UIImage+BOXBrowseSDKAdditions.h in Headers */ = {isa = PBXBuildFile; fileRef = 1564A5341ACA12D1005DD04F /* UIImage+BOXBrowseSDKAdditions.h */; settings = {ATTRIBUTES = (Public, ); }; };
		591806121E53BC80004E1B28 /* BOXCreateFolderViewController.h in Headers */ = {isa = PBXBuildFile; fileRef = 15CE09F91ACC7653006B8614 /* BOXCreateFolderViewController.h */; settings = {ATTRIBUTES = (Public, ); }; };
		591806131E53BC80004E1B28 /* BOXFolderViewController.h in Headers */ = {isa = PBXBuildFile; fileRef = 153113931AC3569100996D00 /* BOXFolderViewController.h */; settings = {ATTRIBUTES = (Public, ); }; };
		591806141E53BC80004E1B28 /* BOXItemsViewController.h in Headers */ = {isa = PBXBuildFile; fileRef = 15CE0A081ACDEE1A006B8614 /* BOXItemsViewController.h */; settings = {ATTRIBUTES = (Public, ); }; };
		591806151E53BC80004E1B28 /* BOXSearchResultsViewController.h in Headers */ = {isa = PBXBuildFile; fileRef = 15764E0A1ACF42710023C535 /* BOXSearchResultsViewController.h */; settings = {ATTRIBUTES = (Public, ); }; };
		591806161E53BC80004E1B28 /* BOXBrowseSDKResourceLocator.h in Headers */ = {isa = PBXBuildFile; fileRef = 11B5CF8B1C59A53700FDBE0F /* BOXBrowseSDKResourceLocator.h */; settings = {ATTRIBUTES = (Public, ); }; };
		591806171E53BC80004E1B28 /* BOXItemCell.h in Headers */ = {isa = PBXBuildFile; fileRef = 1564A5531ACA1D68005DD04F /* BOXItemCell.h */; settings = {ATTRIBUTES = (Public, ); }; };
		59FBD1671E70C1D4008589E4 /* BOXBrowseSDKConstants.h in Headers */ = {isa = PBXBuildFile; fileRef = 1501083F1AE5E6B100E1FD4C /* BOXBrowseSDKConstants.h */; settings = {ATTRIBUTES = (Public, ); }; };
		A53C4E981F7B0659009F1AB9 /* BoxContentSDK.framework in Frameworks */ = {isa = PBXBuildFile; fileRef = A53C4E971F7B0659009F1AB9 /* BoxContentSDK.framework */; };
		A929AA1E2319CB45007413DE /* icons.xcassets in Resources */ = {isa = PBXBuildFile; fileRef = A929AA1D2319CB45007413DE /* icons.xcassets */; };
		A929AA1F2319CB45007413DE /* icons.xcassets in Resources */ = {isa = PBXBuildFile; fileRef = A929AA1D2319CB45007413DE /* icons.xcassets */; };
		C5BB0F5D1EA56BB40037CAF1 /* Masonry.framework in Frameworks */ = {isa = PBXBuildFile; fileRef = C5BB0F5C1EA56BB40037CAF1 /* Masonry.framework */; };
		C5DB7DCE1E1BAF40000E91A2 /* BOXBrowseSDKFileTypeHelper.m in Sources */ = {isa = PBXBuildFile; fileRef = C5DB7DCB1E1BAF40000E91A2 /* BOXBrowseSDKFileTypeHelper.m */; };
/* End PBXBuildFile section */

/* Begin PBXFileReference section */
		11B5CF7F1C59A3F900FDBE0F /* NSBundle+BOXBrowseSDKAdditions.h */ = {isa = PBXFileReference; fileEncoding = 4; lastKnownFileType = sourcecode.c.h; path = "NSBundle+BOXBrowseSDKAdditions.h"; sourceTree = "<group>"; };
		11B5CF801C59A3F900FDBE0F /* NSBundle+BOXBrowseSDKAdditions.m */ = {isa = PBXFileReference; fileEncoding = 4; lastKnownFileType = sourcecode.c.objc; path = "NSBundle+BOXBrowseSDKAdditions.m"; sourceTree = "<group>"; };
		11B5CF8B1C59A53700FDBE0F /* BOXBrowseSDKResourceLocator.h */ = {isa = PBXFileReference; fileEncoding = 4; lastKnownFileType = sourcecode.c.h; name = BOXBrowseSDKResourceLocator.h; path = Helpers/BOXBrowseSDKResourceLocator.h; sourceTree = "<group>"; };
		11B5CF8C1C59A53700FDBE0F /* BOXBrowseSDKResourceLocator.m */ = {isa = PBXFileReference; fileEncoding = 4; lastKnownFileType = sourcecode.c.objc; name = BOXBrowseSDKResourceLocator.m; path = Helpers/BOXBrowseSDKResourceLocator.m; sourceTree = "<group>"; };
		11B5CF941C5A88DD00FDBE0F /* BOXItem+BOXBrowseSDKAdditions.h */ = {isa = PBXFileReference; fileEncoding = 4; lastKnownFileType = sourcecode.c.h; path = "BOXItem+BOXBrowseSDKAdditions.h"; sourceTree = "<group>"; };
		11B5CF951C5A88DD00FDBE0F /* BOXItem+BOXBrowseSDKAdditions.m */ = {isa = PBXFileReference; fileEncoding = 4; lastKnownFileType = sourcecode.c.objc; path = "BOXItem+BOXBrowseSDKAdditions.m"; sourceTree = "<group>"; };
		1501083F1AE5E6B100E1FD4C /* BOXBrowseSDKConstants.h */ = {isa = PBXFileReference; fileEncoding = 4; lastKnownFileType = sourcecode.c.h; path = BOXBrowseSDKConstants.h; sourceTree = "<group>"; };
		15146EB31AC20B77000BA380 /* BoxBrowseSDK.h */ = {isa = PBXFileReference; lastKnownFileType = sourcecode.c.h; path = BoxBrowseSDK.h; sourceTree = "<group>"; };
		15146EBB1AC20B78000BA380 /* BoxBrowseSDKTests.xctest */ = {isa = PBXFileReference; explicitFileType = wrapper.cfbundle; includeInIndex = 0; path = BoxBrowseSDKTests.xctest; sourceTree = BUILT_PRODUCTS_DIR; };
		15146EC11AC20B78000BA380 /* Info.plist */ = {isa = PBXFileReference; lastKnownFileType = text.plist.xml; path = Info.plist; sourceTree = "<group>"; };
		153113931AC3569100996D00 /* BOXFolderViewController.h */ = {isa = PBXFileReference; fileEncoding = 4; lastKnownFileType = sourcecode.c.h; path = BOXFolderViewController.h; sourceTree = "<group>"; };
		153113941AC3569100996D00 /* BOXFolderViewController.m */ = {isa = PBXFileReference; fileEncoding = 4; lastKnownFileType = sourcecode.c.objc; path = BOXFolderViewController.m; sourceTree = "<group>"; };
		1564A5341ACA12D1005DD04F /* UIImage+BOXBrowseSDKAdditions.h */ = {isa = PBXFileReference; fileEncoding = 4; lastKnownFileType = sourcecode.c.h; path = "UIImage+BOXBrowseSDKAdditions.h"; sourceTree = "<group>"; };
		1564A5351ACA12D1005DD04F /* UIImage+BOXBrowseSDKAdditions.m */ = {isa = PBXFileReference; fileEncoding = 4; lastKnownFileType = sourcecode.c.objc; path = "UIImage+BOXBrowseSDKAdditions.m"; sourceTree = "<group>"; };
		1564A5531ACA1D68005DD04F /* BOXItemCell.h */ = {isa = PBXFileReference; fileEncoding = 4; lastKnownFileType = sourcecode.c.h; path = BOXItemCell.h; sourceTree = "<group>"; };
		1564A5541ACA1D68005DD04F /* BOXItemCell.m */ = {isa = PBXFileReference; fileEncoding = 4; lastKnownFileType = sourcecode.c.objc; path = BOXItemCell.m; sourceTree = "<group>"; };
		1564A6D71ACB3C9E005DD04F /* BOXThumbnailCache.h */ = {isa = PBXFileReference; fileEncoding = 4; lastKnownFileType = sourcecode.c.h; path = BOXThumbnailCache.h; sourceTree = "<group>"; };
		1564A6D81ACB3C9E005DD04F /* BOXThumbnailCache.m */ = {isa = PBXFileReference; fileEncoding = 4; lastKnownFileType = sourcecode.c.objc; path = BOXThumbnailCache.m; sourceTree = "<group>"; };
		15764E0A1ACF42710023C535 /* BOXSearchResultsViewController.h */ = {isa = PBXFileReference; fileEncoding = 4; lastKnownFileType = sourcecode.c.h; path = BOXSearchResultsViewController.h; sourceTree = "<group>"; };
		15764E0B1ACF42710023C535 /* BOXSearchResultsViewController.m */ = {isa = PBXFileReference; fileEncoding = 4; lastKnownFileType = sourcecode.c.objc; path = BOXSearchResultsViewController.m; sourceTree = "<group>"; };
		15CE09F91ACC7653006B8614 /* BOXCreateFolderViewController.h */ = {isa = PBXFileReference; fileEncoding = 4; lastKnownFileType = sourcecode.c.h; path = BOXCreateFolderViewController.h; sourceTree = "<group>"; };
		15CE09FA1ACC7653006B8614 /* BOXCreateFolderViewController.m */ = {isa = PBXFileReference; fileEncoding = 4; lastKnownFileType = sourcecode.c.objc; path = BOXCreateFolderViewController.m; sourceTree = "<group>"; };
		15CE0A051ACD15BA006B8614 /* DummyStrings.h */ = {isa = PBXFileReference; fileEncoding = 4; lastKnownFileType = sourcecode.c.h; path = DummyStrings.h; sourceTree = "<group>"; };
		15CE0A061ACD15BA006B8614 /* DummyStrings.m */ = {isa = PBXFileReference; fileEncoding = 4; lastKnownFileType = sourcecode.c.objc; path = DummyStrings.m; sourceTree = "<group>"; };
		15CE0A081ACDEE1A006B8614 /* BOXItemsViewController.h */ = {isa = PBXFileReference; fileEncoding = 4; lastKnownFileType = sourcecode.c.h; path = BOXItemsViewController.h; sourceTree = "<group>"; };
		15CE0A091ACDEE1A006B8614 /* BOXItemsViewController.m */ = {isa = PBXFileReference; fileEncoding = 4; lastKnownFileType = sourcecode.c.objc; path = BOXItemsViewController.m; sourceTree = "<group>"; };
		591805E51E4E698B004E1B28 /* BoxBrowseSDK.framework */ = {isa = PBXFileReference; explicitFileType = wrapper.framework; includeInIndex = 0; path = BoxBrowseSDK.framework; sourceTree = BUILT_PRODUCTS_DIR; };
		591806021E52A837004E1B28 /* BoxContentSDK.framework */ = {isa = PBXFileReference; lastKnownFileType = wrapper.framework; name = BoxContentSDK.framework; path = ../Carthage/Build/iOS/BoxContentSDK.framework; sourceTree = "<group>"; };
		591806031E52A837004E1B28 /* MBProgressHUD.framework */ = {isa = PBXFileReference; lastKnownFileType = wrapper.framework; name = MBProgressHUD.framework; path = ../Carthage/Build/iOS/MBProgressHUD.framework; sourceTree = "<group>"; };
		59F26C801E721FEF00B95BC1 /* Info.plist */ = {isa = PBXFileReference; lastKnownFileType = text.plist.xml; path = Info.plist; sourceTree = "<group>"; };
		A53C4E971F7B0659009F1AB9 /* BoxContentSDK.framework */ = {isa = PBXFileReference; lastKnownFileType = wrapper.framework; name = BoxContentSDK.framework; path = ../BoxBrowseSDKSampleApp/Carthage/Build/iOS/BoxContentSDK.framework; sourceTree = "<group>"; };
		A929AA1D2319CB45007413DE /* icons.xcassets */ = {isa = PBXFileReference; lastKnownFileType = folder.assetcatalog; path = icons.xcassets; sourceTree = "<group>"; };
		C5BB0F5C1EA56BB40037CAF1 /* Masonry.framework */ = {isa = PBXFileReference; lastKnownFileType = wrapper.framework; name = Masonry.framework; path = ../Carthage/Build/iOS/Masonry.framework; sourceTree = "<group>"; };
		C5DB7DCA1E1BAF40000E91A2 /* BOXBrowseSDKFileTypeHelper.h */ = {isa = PBXFileReference; fileEncoding = 4; lastKnownFileType = sourcecode.c.h; name = BOXBrowseSDKFileTypeHelper.h; path = Helpers/BOXBrowseSDKFileTypeHelper.h; sourceTree = "<group>"; };
		C5DB7DCB1E1BAF40000E91A2 /* BOXBrowseSDKFileTypeHelper.m */ = {isa = PBXFileReference; fileEncoding = 4; lastKnownFileType = sourcecode.c.objc; name = BOXBrowseSDKFileTypeHelper.m; path = Helpers/BOXBrowseSDKFileTypeHelper.m; sourceTree = "<group>"; };
/* End PBXFileReference section */

/* Begin PBXFrameworksBuildPhase section */
		15146EB81AC20B78000BA380 /* Frameworks */ = {
			isa = PBXFrameworksBuildPhase;
			buildActionMask = 2147483647;
			files = (
			);
			runOnlyForDeploymentPostprocessing = 0;
		};
		591805E11E4E698B004E1B28 /* Frameworks */ = {
			isa = PBXFrameworksBuildPhase;
			buildActionMask = 2147483647;
			files = (
				5918060D1E53BC09004E1B28 /* MBProgressHUD.framework in Frameworks */,
				C5BB0F5D1EA56BB40037CAF1 /* Masonry.framework in Frameworks */,
				A53C4E981F7B0659009F1AB9 /* BoxContentSDK.framework in Frameworks */,
			);
			runOnlyForDeploymentPostprocessing = 0;
		};
/* End PBXFrameworksBuildPhase section */

/* Begin PBXGroup section */
		11B5CF731C59A0A300FDBE0F /* Controllers */ = {
			isa = PBXGroup;
			children = (
				15CE09F91ACC7653006B8614 /* BOXCreateFolderViewController.h */,
				15CE09FA1ACC7653006B8614 /* BOXCreateFolderViewController.m */,
				153113931AC3569100996D00 /* BOXFolderViewController.h */,
				153113941AC3569100996D00 /* BOXFolderViewController.m */,
				15CE0A081ACDEE1A006B8614 /* BOXItemsViewController.h */,
				15CE0A091ACDEE1A006B8614 /* BOXItemsViewController.m */,
				15764E0A1ACF42710023C535 /* BOXSearchResultsViewController.h */,
				15764E0B1ACF42710023C535 /* BOXSearchResultsViewController.m */,
			);
			path = Controllers;
			sourceTree = "<group>";
		};
		11B5CF741C59A17400FDBE0F /* Categories */ = {
			isa = PBXGroup;
			children = (
				11B5CF7F1C59A3F900FDBE0F /* NSBundle+BOXBrowseSDKAdditions.h */,
				11B5CF801C59A3F900FDBE0F /* NSBundle+BOXBrowseSDKAdditions.m */,
				1564A5341ACA12D1005DD04F /* UIImage+BOXBrowseSDKAdditions.h */,
				1564A5351ACA12D1005DD04F /* UIImage+BOXBrowseSDKAdditions.m */,
				11B5CF941C5A88DD00FDBE0F /* BOXItem+BOXBrowseSDKAdditions.h */,
				11B5CF951C5A88DD00FDBE0F /* BOXItem+BOXBrowseSDKAdditions.m */,
			);
			path = Categories;
			sourceTree = "<group>";
		};
		11B5CF751C59A1B000FDBE0F /* Views */ = {
			isa = PBXGroup;
			children = (
				11B5CF761C59A1B900FDBE0F /* Cells */,
			);
			path = Views;
			sourceTree = "<group>";
		};
		11B5CF761C59A1B900FDBE0F /* Cells */ = {
			isa = PBXGroup;
			children = (
				1564A5531ACA1D68005DD04F /* BOXItemCell.h */,
				1564A5541ACA1D68005DD04F /* BOXItemCell.m */,
			);
			path = Cells;
			sourceTree = "<group>";
		};
		11B5CF8A1C59A51E00FDBE0F /* Helpers */ = {
			isa = PBXGroup;
			children = (
				11B5CF8B1C59A53700FDBE0F /* BOXBrowseSDKResourceLocator.h */,
				11B5CF8C1C59A53700FDBE0F /* BOXBrowseSDKResourceLocator.m */,
				C5DB7DCA1E1BAF40000E91A2 /* BOXBrowseSDKFileTypeHelper.h */,
				C5DB7DCB1E1BAF40000E91A2 /* BOXBrowseSDKFileTypeHelper.m */,
			);
			name = Helpers;
			sourceTree = "<group>";
		};
		15146EA71AC20B77000BA380 = {
			isa = PBXGroup;
			children = (
				59F26BEE1E721FEF00B95BC1 /* Resource */,
				15146EB21AC20B77000BA380 /* BoxBrowseSDK */,
				15146EBF1AC20B78000BA380 /* BoxBrowseSDKTests */,
				15146EB11AC20B77000BA380 /* Products */,
				591805FD1E525C19004E1B28 /* Frameworks */,
			);
			sourceTree = "<group>";
		};
		15146EB11AC20B77000BA380 /* Products */ = {
			isa = PBXGroup;
			children = (
				15146EBB1AC20B78000BA380 /* BoxBrowseSDKTests.xctest */,
				591805E51E4E698B004E1B28 /* BoxBrowseSDK.framework */,
			);
			name = Products;
			sourceTree = "<group>";
		};
		15146EB21AC20B77000BA380 /* BoxBrowseSDK */ = {
			isa = PBXGroup;
			children = (
				15146EB31AC20B77000BA380 /* BoxBrowseSDK.h */,
				1564A6D71ACB3C9E005DD04F /* BOXThumbnailCache.h */,
				1564A6D81ACB3C9E005DD04F /* BOXThumbnailCache.m */,
				15CE0A051ACD15BA006B8614 /* DummyStrings.h */,
				15CE0A061ACD15BA006B8614 /* DummyStrings.m */,
				1501083F1AE5E6B100E1FD4C /* BOXBrowseSDKConstants.h */,
				11B5CF741C59A17400FDBE0F /* Categories */,
				11B5CF731C59A0A300FDBE0F /* Controllers */,
				11B5CF8A1C59A51E00FDBE0F /* Helpers */,
				11B5CF751C59A1B000FDBE0F /* Views */,
			);
			path = BoxBrowseSDK;
			sourceTree = "<group>";
		};
		15146EBF1AC20B78000BA380 /* BoxBrowseSDKTests */ = {
			isa = PBXGroup;
			children = (
				15146EC01AC20B78000BA380 /* Supporting Files */,
			);
			path = BoxBrowseSDKTests;
			sourceTree = "<group>";
		};
		15146EC01AC20B78000BA380 /* Supporting Files */ = {
			isa = PBXGroup;
			children = (
				15146EC11AC20B78000BA380 /* Info.plist */,
			);
			name = "Supporting Files";
			sourceTree = "<group>";
		};
		591805FD1E525C19004E1B28 /* Frameworks */ = {
			isa = PBXGroup;
			children = (
				A53C4E971F7B0659009F1AB9 /* BoxContentSDK.framework */,
				C5BB0F5C1EA56BB40037CAF1 /* Masonry.framework */,
				591806021E52A837004E1B28 /* BoxContentSDK.framework */,
				591806031E52A837004E1B28 /* MBProgressHUD.framework */,
			);
			name = Frameworks;
			sourceTree = "<group>";
		};
		59F26BEE1E721FEF00B95BC1 /* Resource */ = {
			isa = PBXGroup;
			children = (
				A929AA1D2319CB45007413DE /* icons.xcassets */,
				59F26C801E721FEF00B95BC1 /* Info.plist */,
			);
			path = Resource;
			sourceTree = "<group>";
		};
/* End PBXGroup section */

/* Begin PBXHeadersBuildPhase section */
		591805E21E4E698B004E1B28 /* Headers */ = {
			isa = PBXHeadersBuildPhase;
			buildActionMask = 2147483647;
			files = (
				591805FA1E4E6C5F004E1B28 /* BoxBrowseSDK.h in Headers */,
				5918060E1E53BC80004E1B28 /* BOXThumbnailCache.h in Headers */,
				5918060F1E53BC80004E1B28 /* DummyStrings.h in Headers */,
				591806101E53BC80004E1B28 /* NSBundle+BOXBrowseSDKAdditions.h in Headers */,
				591806111E53BC80004E1B28 /* UIImage+BOXBrowseSDKAdditions.h in Headers */,
				591806121E53BC80004E1B28 /* BOXCreateFolderViewController.h in Headers */,
				591806131E53BC80004E1B28 /* BOXFolderViewController.h in Headers */,
				591806141E53BC80004E1B28 /* BOXItemsViewController.h in Headers */,
				591806151E53BC80004E1B28 /* BOXSearchResultsViewController.h in Headers */,
				591806161E53BC80004E1B28 /* BOXBrowseSDKResourceLocator.h in Headers */,
				591806171E53BC80004E1B28 /* BOXItemCell.h in Headers */,
				591805FB1E4E6C80004E1B28 /* BOXItem+BOXBrowseSDKAdditions.h in Headers */,
				591805FC1E4E6C80004E1B28 /* BOXBrowseSDKFileTypeHelper.h in Headers */,
				59FBD1671E70C1D4008589E4 /* BOXBrowseSDKConstants.h in Headers */,
			);
			runOnlyForDeploymentPostprocessing = 0;
		};
/* End PBXHeadersBuildPhase section */

/* Begin PBXNativeTarget section */
		15146EBA1AC20B78000BA380 /* BoxBrowseSDKTests */ = {
			isa = PBXNativeTarget;
			buildConfigurationList = 15146EC71AC20B78000BA380 /* Build configuration list for PBXNativeTarget "BoxBrowseSDKTests" */;
			buildPhases = (
				5153BA99B1D1F7D9C8A34D67 /* Check Pods Manifest.lock */,
				15146EB71AC20B78000BA380 /* Sources */,
				15146EB81AC20B78000BA380 /* Frameworks */,
				15146EB91AC20B78000BA380 /* Resources */,
			);
			buildRules = (
			);
			dependencies = (
			);
			name = BoxBrowseSDKTests;
			productName = BoxBrowseSDKTests;
			productReference = 15146EBB1AC20B78000BA380 /* BoxBrowseSDKTests.xctest */;
			productType = "com.apple.product-type.bundle.unit-test";
		};
		591805E41E4E698B004E1B28 /* BoxBrowseSDK */ = {
			isa = PBXNativeTarget;
			buildConfigurationList = 591805EC1E4E698B004E1B28 /* Build configuration list for PBXNativeTarget "BoxBrowseSDK" */;
			buildPhases = (
				591805E01E4E698B004E1B28 /* Sources */,
				591805E11E4E698B004E1B28 /* Frameworks */,
				591805E21E4E698B004E1B28 /* Headers */,
				591805E31E4E698B004E1B28 /* Resources */,
				0DD9ADB41EA54312001C74D0 /* Copy products to Carthage/Build/iOS */,
			);
			buildRules = (
			);
			dependencies = (
			);
			name = BoxBrowseSDK;
			productName = BoxBrowseSDKFramework;
			productReference = 591805E51E4E698B004E1B28 /* BoxBrowseSDK.framework */;
			productType = "com.apple.product-type.framework";
		};
/* End PBXNativeTarget section */

/* Begin PBXProject section */
		15146EA81AC20B77000BA380 /* Project object */ = {
			isa = PBXProject;
			attributes = {
				LastUpgradeCheck = 1000;
				ORGANIZATIONNAME = BOX;
				TargetAttributes = {
					15146EBA1AC20B78000BA380 = {
						CreatedOnToolsVersion = 6.2;
					};
					591805E41E4E698B004E1B28 = {
						CreatedOnToolsVersion = 8.2.1;
						ProvisioningStyle = Automatic;
					};
				};
			};
			buildConfigurationList = 15146EAB1AC20B77000BA380 /* Build configuration list for PBXProject "BoxBrowseSDK" */;
			compatibilityVersion = "Xcode 3.2";
			developmentRegion = English;
			hasScannedForEncodings = 0;
			knownRegions = (
				English,
				en,
			);
			mainGroup = 15146EA71AC20B77000BA380;
			productRefGroup = 15146EB11AC20B77000BA380 /* Products */;
			projectDirPath = "";
			projectRoot = "";
			targets = (
				15146EBA1AC20B78000BA380 /* BoxBrowseSDKTests */,
				591805E41E4E698B004E1B28 /* BoxBrowseSDK */,
			);
		};
/* End PBXProject section */

/* Begin PBXResourcesBuildPhase section */
		15146EB91AC20B78000BA380 /* Resources */ = {
			isa = PBXResourcesBuildPhase;
			buildActionMask = 2147483647;
			files = (
				A929AA1E2319CB45007413DE /* icons.xcassets in Resources */,
			);
			runOnlyForDeploymentPostprocessing = 0;
		};
		591805E31E4E698B004E1B28 /* Resources */ = {
			isa = PBXResourcesBuildPhase;
			buildActionMask = 2147483647;
			files = (
				A929AA1F2319CB45007413DE /* icons.xcassets in Resources */,
			);
			runOnlyForDeploymentPostprocessing = 0;
		};
/* End PBXResourcesBuildPhase section */

/* Begin PBXShellScriptBuildPhase section */
		0DD9ADB41EA54312001C74D0 /* Copy products to Carthage/Build/iOS */ = {
			isa = PBXShellScriptBuildPhase;
			buildActionMask = 2147483647;
			files = (
			);
			inputPaths = (
				"$(BUILT_PRODUCTS_DIR)/$(PRODUCT_NAME).framework",
				"$(BUILT_PRODUCTS_DIR)/$(PRODUCT_NAME).framework.dSYM",
			);
			name = "Copy products to Carthage/Build/iOS";
			outputPaths = (
			);
			runOnlyForDeploymentPostprocessing = 0;
			shellPath = /bin/sh;
			shellScript = "\"$SRCROOT/build-phases/copy-products.sh\" \"$SRCROOT/../Carthage/Build\"\n";
		};
		5153BA99B1D1F7D9C8A34D67 /* Check Pods Manifest.lock */ = {
			isa = PBXShellScriptBuildPhase;
			buildActionMask = 2147483647;
			files = (
			);
			inputPaths = (
			);
			name = "Check Pods Manifest.lock";
			outputPaths = (
			);
			runOnlyForDeploymentPostprocessing = 0;
			shellPath = /bin/sh;
			shellScript = "diff \"${PODS_ROOT}/../Podfile.lock\" \"${PODS_ROOT}/Manifest.lock\" > /dev/null\nif [[ $? != 0 ]] ; then\n    cat << EOM\nerror: The sandbox is not in sync with the Podfile.lock. Run 'pod install' or update your CocoaPods installation.\nEOM\n    exit 1\nfi\n";
			showEnvVarsInLog = 0;
		};
/* End PBXShellScriptBuildPhase section */

/* Begin PBXSourcesBuildPhase section */
		15146EB71AC20B78000BA380 /* Sources */ = {
			isa = PBXSourcesBuildPhase;
			buildActionMask = 2147483647;
			files = (
				C5DB7DCE1E1BAF40000E91A2 /* BOXBrowseSDKFileTypeHelper.m in Sources */,
				15DC5B261AE01EFE003FB3E9 /* BOXItemCell.m in Sources */,
				11B5CF8F1C59A53700FDBE0F /* BOXBrowseSDKResourceLocator.m in Sources */,
				15764E0D1ACF42710023C535 /* BOXSearchResultsViewController.m in Sources */,
				11B5CF851C59A3F900FDBE0F /* NSBundle+BOXBrowseSDKAdditions.m in Sources */,
				1564A5371ACA12D1005DD04F /* UIImage+BOXBrowseSDKAdditions.m in Sources */,
				1564A6DA1ACB3C9E005DD04F /* BOXThumbnailCache.m in Sources */,
				15CE09FC1ACC7653006B8614 /* BOXCreateFolderViewController.m in Sources */,
				153113961AC3569100996D00 /* BOXFolderViewController.m in Sources */,
				15CE0A0B1ACDEE1A006B8614 /* BOXItemsViewController.m in Sources */,
			);
			runOnlyForDeploymentPostprocessing = 0;
		};
		591805E01E4E698B004E1B28 /* Sources */ = {
			isa = PBXSourcesBuildPhase;
			buildActionMask = 2147483647;
			files = (
				591805F41E4E69D3004E1B28 /* BOXFolderViewController.m in Sources */,
				591805F51E4E69D6004E1B28 /* BOXItemsViewController.m in Sources */,
				591805F61E4E69DA004E1B28 /* BOXSearchResultsViewController.m in Sources */,
				591805F11E4E69C9004E1B28 /* UIImage+BOXBrowseSDKAdditions.m in Sources */,
				591805F71E4E69DE004E1B28 /* BOXBrowseSDKResourceLocator.m in Sources */,
				591805F91E4E6BF0004E1B28 /* BOXItemCell.m in Sources */,
				591805F81E4E69E1004E1B28 /* BOXBrowseSDKFileTypeHelper.m in Sources */,
				591805F31E4E69D0004E1B28 /* BOXCreateFolderViewController.m in Sources */,
				591805EE1E4E69BD004E1B28 /* BOXThumbnailCache.m in Sources */,
				591805F21E4E69CD004E1B28 /* BOXItem+BOXBrowseSDKAdditions.m in Sources */,
				591805F01E4E69C5004E1B28 /* NSBundle+BOXBrowseSDKAdditions.m in Sources */,
				591805EF1E4E69C1004E1B28 /* DummyStrings.m in Sources */,
			);
			runOnlyForDeploymentPostprocessing = 0;
		};
/* End PBXSourcesBuildPhase section */

/* Begin XCBuildConfiguration section */
		15146EC21AC20B78000BA380 /* Debug */ = {
			isa = XCBuildConfiguration;
			buildSettings = {
				ALWAYS_SEARCH_USER_PATHS = NO;
				CLANG_CXX_LANGUAGE_STANDARD = "gnu++0x";
				CLANG_CXX_LIBRARY = "libc++";
				CLANG_ENABLE_MODULES = YES;
				CLANG_ENABLE_OBJC_ARC = YES;
				CLANG_WARN_BLOCK_CAPTURE_AUTORELEASING = YES;
				CLANG_WARN_BOOL_CONVERSION = YES;
				CLANG_WARN_COMMA = YES;
				CLANG_WARN_CONSTANT_CONVERSION = YES;
				CLANG_WARN_DEPRECATED_OBJC_IMPLEMENTATIONS = YES;
				CLANG_WARN_DIRECT_OBJC_ISA_USAGE = YES_ERROR;
				CLANG_WARN_EMPTY_BODY = YES;
				CLANG_WARN_ENUM_CONVERSION = YES;
				CLANG_WARN_INFINITE_RECURSION = YES;
				CLANG_WARN_INT_CONVERSION = YES;
				CLANG_WARN_NON_LITERAL_NULL_CONVERSION = YES;
				CLANG_WARN_OBJC_IMPLICIT_RETAIN_SELF = YES;
				CLANG_WARN_OBJC_LITERAL_CONVERSION = YES;
				CLANG_WARN_OBJC_ROOT_CLASS = YES_ERROR;
				CLANG_WARN_RANGE_LOOP_ANALYSIS = YES;
				CLANG_WARN_STRICT_PROTOTYPES = YES;
				CLANG_WARN_SUSPICIOUS_MOVE = YES;
				CLANG_WARN_UNREACHABLE_CODE = YES;
				CLANG_WARN__DUPLICATE_METHOD_MATCH = YES;
				COPY_PHASE_STRIP = NO;
				ENABLE_STRICT_OBJC_MSGSEND = YES;
				ENABLE_TESTABILITY = YES;
				GCC_C_LANGUAGE_STANDARD = gnu99;
				GCC_DYNAMIC_NO_PIC = NO;
				GCC_NO_COMMON_BLOCKS = YES;
				GCC_OPTIMIZATION_LEVEL = 0;
				GCC_PREPROCESSOR_DEFINITIONS = (
					"DEBUG=1",
					"$(inherited)",
				);
				GCC_SYMBOLS_PRIVATE_EXTERN = NO;
				GCC_WARN_64_TO_32_BIT_CONVERSION = YES;
				GCC_WARN_ABOUT_RETURN_TYPE = YES_ERROR;
				GCC_WARN_UNDECLARED_SELECTOR = YES;
				GCC_WARN_UNINITIALIZED_AUTOS = YES_AGGRESSIVE;
				GCC_WARN_UNUSED_FUNCTION = YES;
				GCC_WARN_UNUSED_VARIABLE = YES;
				IPHONEOS_DEPLOYMENT_TARGET = 8.0;
				MTL_ENABLE_DEBUG_INFO = YES;
				ONLY_ACTIVE_ARCH = YES;
				SDKROOT = iphoneos;
			};
			name = Debug;
		};
		15146EC31AC20B78000BA380 /* Release */ = {
			isa = XCBuildConfiguration;
			buildSettings = {
				ALWAYS_SEARCH_USER_PATHS = NO;
				CLANG_CXX_LANGUAGE_STANDARD = "gnu++0x";
				CLANG_CXX_LIBRARY = "libc++";
				CLANG_ENABLE_MODULES = YES;
				CLANG_ENABLE_OBJC_ARC = YES;
				CLANG_WARN_BLOCK_CAPTURE_AUTORELEASING = YES;
				CLANG_WARN_BOOL_CONVERSION = YES;
				CLANG_WARN_COMMA = YES;
				CLANG_WARN_CONSTANT_CONVERSION = YES;
				CLANG_WARN_DEPRECATED_OBJC_IMPLEMENTATIONS = YES;
				CLANG_WARN_DIRECT_OBJC_ISA_USAGE = YES_ERROR;
				CLANG_WARN_EMPTY_BODY = YES;
				CLANG_WARN_ENUM_CONVERSION = YES;
				CLANG_WARN_INFINITE_RECURSION = YES;
				CLANG_WARN_INT_CONVERSION = YES;
				CLANG_WARN_NON_LITERAL_NULL_CONVERSION = YES;
				CLANG_WARN_OBJC_IMPLICIT_RETAIN_SELF = YES;
				CLANG_WARN_OBJC_LITERAL_CONVERSION = YES;
				CLANG_WARN_OBJC_ROOT_CLASS = YES_ERROR;
				CLANG_WARN_RANGE_LOOP_ANALYSIS = YES;
				CLANG_WARN_STRICT_PROTOTYPES = YES;
				CLANG_WARN_SUSPICIOUS_MOVE = YES;
				CLANG_WARN_UNREACHABLE_CODE = YES;
				CLANG_WARN__DUPLICATE_METHOD_MATCH = YES;
				COPY_PHASE_STRIP = NO;
				ENABLE_NS_ASSERTIONS = NO;
				ENABLE_STRICT_OBJC_MSGSEND = YES;
				GCC_C_LANGUAGE_STANDARD = gnu99;
				GCC_NO_COMMON_BLOCKS = YES;
				GCC_WARN_64_TO_32_BIT_CONVERSION = YES;
				GCC_WARN_ABOUT_RETURN_TYPE = YES_ERROR;
				GCC_WARN_UNDECLARED_SELECTOR = YES;
				GCC_WARN_UNINITIALIZED_AUTOS = YES_AGGRESSIVE;
				GCC_WARN_UNUSED_FUNCTION = YES;
				GCC_WARN_UNUSED_VARIABLE = YES;
				IPHONEOS_DEPLOYMENT_TARGET = 8.0;
				MTL_ENABLE_DEBUG_INFO = NO;
				ONLY_ACTIVE_ARCH = NO;
				SDKROOT = iphoneos;
				VALIDATE_PRODUCT = YES;
			};
			name = Release;
		};
		15146EC81AC20B78000BA380 /* Debug */ = {
			isa = XCBuildConfiguration;
			buildSettings = {
				FRAMEWORK_SEARCH_PATHS = (
					"$(SDKROOT)/Developer/Library/Frameworks",
					"$(inherited)",
				);
				GCC_PREPROCESSOR_DEFINITIONS = (
					"DEBUG=1",
					"$(inherited)",
				);
				INFOPLIST_FILE = BoxBrowseSDKTests/Info.plist;
				LD_RUNPATH_SEARCH_PATHS = "$(inherited) @executable_path/Frameworks @loader_path/Frameworks";
				PRODUCT_BUNDLE_IDENTIFIER = "com.box.$(PRODUCT_NAME:rfc1034identifier)";
				PRODUCT_NAME = "$(TARGET_NAME)";
			};
			name = Debug;
		};
		15146EC91AC20B78000BA380 /* Release */ = {
			isa = XCBuildConfiguration;
			buildSettings = {
				FRAMEWORK_SEARCH_PATHS = (
					"$(SDKROOT)/Developer/Library/Frameworks",
					"$(inherited)",
				);
				INFOPLIST_FILE = BoxBrowseSDKTests/Info.plist;
				LD_RUNPATH_SEARCH_PATHS = "$(inherited) @executable_path/Frameworks @loader_path/Frameworks";
				PRODUCT_BUNDLE_IDENTIFIER = "com.box.$(PRODUCT_NAME:rfc1034identifier)";
				PRODUCT_NAME = "$(TARGET_NAME)";
			};
			name = Release;
		};
		591805EA1E4E698B004E1B28 /* Debug */ = {
			isa = XCBuildConfiguration;
			buildSettings = {
				APPLICATION_EXTENSION_API_ONLY = YES;
				CLANG_ANALYZER_NONNULL = YES;
				CLANG_WARN_DOCUMENTATION_COMMENTS = YES;
				CODE_SIGN_IDENTITY = "";
				"CODE_SIGN_IDENTITY[sdk=iphoneos*]" = "iPhone Developer";
				CURRENT_PROJECT_VERSION = 1;
				DEBUG_INFORMATION_FORMAT = "dwarf-with-dsym";
				DEFINES_MODULE = YES;
				DYLIB_COMPATIBILITY_VERSION = 1;
				DYLIB_CURRENT_VERSION = 1;
				DYLIB_INSTALL_NAME_BASE = "@rpath";
				FRAMEWORK_SEARCH_PATHS = (
					"$(inherited)",
					"$(PROJECT_DIR)/../Carthage/Build/iOS",
					"$(PROJECT_DIR)SampleApp/Carthage/Build/iOS",
				);
				HEADER_SEARCH_PATHS = "";
				INFOPLIST_FILE = BoxBrowseSDKFramework/Info.plist;
				INSTALL_PATH = "$(LOCAL_LIBRARY_DIR)/Frameworks";
				IPHONEOS_DEPLOYMENT_TARGET = 9.0;
				LD_RUNPATH_SEARCH_PATHS = "$(inherited) @executable_path/Frameworks @loader_path/Frameworks";
				PRODUCT_BUNDLE_IDENTIFIER = Box.BoxBrowseSDKFramework;
				PRODUCT_NAME = "$(TARGET_NAME)";
				SKIP_INSTALL = YES;
				TARGETED_DEVICE_FAMILY = "1,2";
				VERSIONING_SYSTEM = "apple-generic";
				VERSION_INFO_PREFIX = "";
			};
			name = Debug;
		};
		591805EB1E4E698B004E1B28 /* Release */ = {
			isa = XCBuildConfiguration;
			buildSettings = {
				APPLICATION_EXTENSION_API_ONLY = YES;
				CLANG_ANALYZER_NONNULL = YES;
				CLANG_WARN_DOCUMENTATION_COMMENTS = YES;
				CODE_SIGN_IDENTITY = "";
				"CODE_SIGN_IDENTITY[sdk=iphoneos*]" = "iPhone Developer";
				CURRENT_PROJECT_VERSION = 1;
				DEBUG_INFORMATION_FORMAT = "dwarf-with-dsym";
				DEFINES_MODULE = YES;
				DYLIB_COMPATIBILITY_VERSION = 1;
				DYLIB_CURRENT_VERSION = 1;
				DYLIB_INSTALL_NAME_BASE = "@rpath";
				FRAMEWORK_SEARCH_PATHS = (
					"$(inherited)",
					"$(PROJECT_DIR)/../Carthage/Build/iOS",
					"$(PROJECT_DIR)SampleApp/Carthage/Build/iOS",
				);
				HEADER_SEARCH_PATHS = "";
				INFOPLIST_FILE = BoxBrowseSDKFramework/Info.plist;
				INSTALL_PATH = "$(LOCAL_LIBRARY_DIR)/Frameworks";
				IPHONEOS_DEPLOYMENT_TARGET = 9.0;
				LD_RUNPATH_SEARCH_PATHS = "$(inherited) @executable_path/Frameworks @loader_path/Frameworks";
				PRODUCT_BUNDLE_IDENTIFIER = Box.BoxBrowseSDKFramework;
				PRODUCT_NAME = "$(TARGET_NAME)";
				SKIP_INSTALL = YES;
				TARGETED_DEVICE_FAMILY = "1,2";
				VERSIONING_SYSTEM = "apple-generic";
				VERSION_INFO_PREFIX = "";
			};
			name = Release;
		};
/* End XCBuildConfiguration section */

/* Begin XCConfigurationList section */
		15146EAB1AC20B77000BA380 /* Build configuration list for PBXProject "BoxBrowseSDK" */ = {
			isa = XCConfigurationList;
			buildConfigurations = (
				15146EC21AC20B78000BA380 /* Debug */,
				15146EC31AC20B78000BA380 /* Release */,
			);
			defaultConfigurationIsVisible = 0;
			defaultConfigurationName = Release;
		};
		15146EC71AC20B78000BA380 /* Build configuration list for PBXNativeTarget "BoxBrowseSDKTests" */ = {
			isa = XCConfigurationList;
			buildConfigurations = (
				15146EC81AC20B78000BA380 /* Debug */,
				15146EC91AC20B78000BA380 /* Release */,
			);
			defaultConfigurationIsVisible = 0;
			defaultConfigurationName = Release;
		};
		591805EC1E4E698B004E1B28 /* Build configuration list for PBXNativeTarget "BoxBrowseSDK" */ = {
			isa = XCConfigurationList;
			buildConfigurations = (
				591805EA1E4E698B004E1B28 /* Debug */,
				591805EB1E4E698B004E1B28 /* Release */,
			);
			defaultConfigurationIsVisible = 0;
			defaultConfigurationName = Release;
		};
/* End XCConfigurationList section */
	};
	rootObject = 15146EA81AC20B77000BA380 /* Project object */;
}
