// !$*UTF8*$!
{
	archiveVersion = 1;
	classes = {
	};
	objectVersion = 46;
	objects = {

/* Begin PBXBuildFile section */
		11B5CF841C59A3F900FDBE0F /* NSBundle+BOXBrowseSDKAdditions.m in Sources */ = {isa = PBXBuildFile; fileRef = 11B5CF801C59A3F900FDBE0F /* NSBundle+BOXBrowseSDKAdditions.m */; };
		11B5CF851C59A3F900FDBE0F /* NSBundle+BOXBrowseSDKAdditions.m in Sources */ = {isa = PBXBuildFile; fileRef = 11B5CF801C59A3F900FDBE0F /* NSBundle+BOXBrowseSDKAdditions.m */; };
		11B5CF8E1C59A53700FDBE0F /* BOXBrowseSDKResourceLocator.m in Sources */ = {isa = PBXBuildFile; fileRef = 11B5CF8C1C59A53700FDBE0F /* BOXBrowseSDKResourceLocator.m */; };
		11B5CF8F1C59A53700FDBE0F /* BOXBrowseSDKResourceLocator.m in Sources */ = {isa = PBXBuildFile; fileRef = 11B5CF8C1C59A53700FDBE0F /* BOXBrowseSDKResourceLocator.m */; };
		11B5CF931C59BC1F00FDBE0F /* BoxBrowseSDK.h in Headers */ = {isa = PBXBuildFile; fileRef = 15146EB31AC20B77000BA380 /* BoxBrowseSDK.h */; settings = {ATTRIBUTES = (Public, ); }; };
		11B5CF961C5A88DD00FDBE0F /* BOXItem+BOXBrowseSDKAdditions.h in Headers */ = {isa = PBXBuildFile; fileRef = 11B5CF941C5A88DD00FDBE0F /* BOXItem+BOXBrowseSDKAdditions.h */; };
		11B5CF971C5A88DD00FDBE0F /* BOXItem+BOXBrowseSDKAdditions.m in Sources */ = {isa = PBXBuildFile; fileRef = 11B5CF951C5A88DD00FDBE0F /* BOXItem+BOXBrowseSDKAdditions.m */; };
		15146EB61AC20B77000BA380 /* BoxBrowseSDK.m in Sources */ = {isa = PBXBuildFile; fileRef = 15146EB51AC20B77000BA380 /* BoxBrowseSDK.m */; };
		153113951AC3569100996D00 /* BOXFolderViewController.m in Sources */ = {isa = PBXBuildFile; fileRef = 153113941AC3569100996D00 /* BOXFolderViewController.m */; };
		153113961AC3569100996D00 /* BOXFolderViewController.m in Sources */ = {isa = PBXBuildFile; fileRef = 153113941AC3569100996D00 /* BOXFolderViewController.m */; };
		1564A5361ACA12D1005DD04F /* UIImage+BOXBrowseSDKAdditions.m in Sources */ = {isa = PBXBuildFile; fileRef = 1564A5351ACA12D1005DD04F /* UIImage+BOXBrowseSDKAdditions.m */; };
		1564A5371ACA12D1005DD04F /* UIImage+BOXBrowseSDKAdditions.m in Sources */ = {isa = PBXBuildFile; fileRef = 1564A5351ACA12D1005DD04F /* UIImage+BOXBrowseSDKAdditions.m */; };
		1564A5551ACA1D68005DD04F /* BOXItemCell.m in Sources */ = {isa = PBXBuildFile; fileRef = 1564A5541ACA1D68005DD04F /* BOXItemCell.m */; };
		1564A6D91ACB3C9E005DD04F /* BOXThumbnailCache.m in Sources */ = {isa = PBXBuildFile; fileRef = 1564A6D81ACB3C9E005DD04F /* BOXThumbnailCache.m */; };
		1564A6DA1ACB3C9E005DD04F /* BOXThumbnailCache.m in Sources */ = {isa = PBXBuildFile; fileRef = 1564A6D81ACB3C9E005DD04F /* BOXThumbnailCache.m */; };
		15764E0C1ACF42710023C535 /* BOXSearchResultsViewController.m in Sources */ = {isa = PBXBuildFile; fileRef = 15764E0B1ACF42710023C535 /* BOXSearchResultsViewController.m */; };
		15764E0D1ACF42710023C535 /* BOXSearchResultsViewController.m in Sources */ = {isa = PBXBuildFile; fileRef = 15764E0B1ACF42710023C535 /* BOXSearchResultsViewController.m */; };
		15CE09FB1ACC7653006B8614 /* BOXCreateFolderViewController.m in Sources */ = {isa = PBXBuildFile; fileRef = 15CE09FA1ACC7653006B8614 /* BOXCreateFolderViewController.m */; };
		15CE09FC1ACC7653006B8614 /* BOXCreateFolderViewController.m in Sources */ = {isa = PBXBuildFile; fileRef = 15CE09FA1ACC7653006B8614 /* BOXCreateFolderViewController.m */; };
		15CE0A071ACD15BA006B8614 /* DummyStrings.m in Sources */ = {isa = PBXBuildFile; fileRef = 15CE0A061ACD15BA006B8614 /* DummyStrings.m */; };
		15CE0A0A1ACDEE1A006B8614 /* BOXItemsViewController.m in Sources */ = {isa = PBXBuildFile; fileRef = 15CE0A091ACDEE1A006B8614 /* BOXItemsViewController.m */; };
		15CE0A0B1ACDEE1A006B8614 /* BOXItemsViewController.m in Sources */ = {isa = PBXBuildFile; fileRef = 15CE0A091ACDEE1A006B8614 /* BOXItemsViewController.m */; };
		15DC5B261AE01EFE003FB3E9 /* BOXItemCell.m in Sources */ = {isa = PBXBuildFile; fileRef = 1564A5541ACA1D68005DD04F /* BOXItemCell.m */; };
		A3DAF34160188D517F8283B9 /* Pods.framework in Frameworks */ = {isa = PBXBuildFile; fileRef = CD0BEF5A387588BCBD69581C /* Pods.framework */; };
		C5C5474F1DD5057A005128EB /* audio.png in Resources */ = {isa = PBXBuildFile; fileRef = C5C546771DD5054C005128EB /* audio.png */; };
		C5C547501DD5057A005128EB /* audio@2x.png in Resources */ = {isa = PBXBuildFile; fileRef = C5C546781DD5054C005128EB /* audio@2x.png */; };
		C5C547511DD5057A005128EB /* audio@3x.png in Resources */ = {isa = PBXBuildFile; fileRef = C5C546791DD5054C005128EB /* audio@3x.png */; };
		C5C547521DD5057A005128EB /* boxnote.png in Resources */ = {isa = PBXBuildFile; fileRef = C5C5467A1DD5054C005128EB /* boxnote.png */; };
		C5C547531DD5057A005128EB /* boxnote@2x.png in Resources */ = {isa = PBXBuildFile; fileRef = C5C5467B1DD5054C005128EB /* boxnote@2x.png */; };
		C5C547541DD5057A005128EB /* boxnote@3x.png in Resources */ = {isa = PBXBuildFile; fileRef = C5C5467C1DD5054C005128EB /* boxnote@3x.png */; };
		C5C547551DD5057A005128EB /* code.png in Resources */ = {isa = PBXBuildFile; fileRef = C5C5467D1DD5054C005128EB /* code.png */; };
		C5C547561DD5057A005128EB /* code@2x.png in Resources */ = {isa = PBXBuildFile; fileRef = C5C5467E1DD5054C005128EB /* code@2x.png */; };
		C5C547571DD5057A005128EB /* code@3x.png in Resources */ = {isa = PBXBuildFile; fileRef = C5C5467F1DD5054C005128EB /* code@3x.png */; };
		C5C547581DD5057A005128EB /* database.png in Resources */ = {isa = PBXBuildFile; fileRef = C5C546801DD5054C005128EB /* database.png */; };
		C5C547591DD5057A005128EB /* database@2x.png in Resources */ = {isa = PBXBuildFile; fileRef = C5C546811DD5054C005128EB /* database@2x.png */; };
		C5C5475A1DD5057A005128EB /* database@3x.png in Resources */ = {isa = PBXBuildFile; fileRef = C5C546821DD5054C005128EB /* database@3x.png */; };
		C5C5475B1DD5057A005128EB /* document.png in Resources */ = {isa = PBXBuildFile; fileRef = C5C546831DD5054C005128EB /* document.png */; };
		C5C5475C1DD5057A005128EB /* document@2x.png in Resources */ = {isa = PBXBuildFile; fileRef = C5C546841DD5054C005128EB /* document@2x.png */; };
		C5C5475D1DD5057A005128EB /* document@3x.png in Resources */ = {isa = PBXBuildFile; fileRef = C5C546851DD5054C005128EB /* document@3x.png */; };
		C5C5475E1DD5057A005128EB /* external_folder.png in Resources */ = {isa = PBXBuildFile; fileRef = C5C546861DD5054C005128EB /* external_folder.png */; };
		C5C5475F1DD5057A005128EB /* external_folder@2x.png in Resources */ = {isa = PBXBuildFile; fileRef = C5C546871DD5054C005128EB /* external_folder@2x.png */; };
		C5C547601DD5057A005128EB /* external_folder@3x.png in Resources */ = {isa = PBXBuildFile; fileRef = C5C546881DD5054C005128EB /* external_folder@3x.png */; };
		C5C547611DD5057A005128EB /* generic.png in Resources */ = {isa = PBXBuildFile; fileRef = C5C546891DD5054C005128EB /* generic.png */; };
		C5C547621DD5057A005128EB /* generic@2x.png in Resources */ = {isa = PBXBuildFile; fileRef = C5C5468A1DD5054C005128EB /* generic@2x.png */; };
		C5C547631DD5057A005128EB /* generic@3x.png in Resources */ = {isa = PBXBuildFile; fileRef = C5C5468B1DD5054C005128EB /* generic@3x.png */; };
		C5C547641DD5057A005128EB /* icon.png in Resources */ = {isa = PBXBuildFile; fileRef = C5C5468C1DD5054C005128EB /* icon.png */; };
		C5C547651DD5057A005128EB /* icon@2x.png in Resources */ = {isa = PBXBuildFile; fileRef = C5C5468D1DD5054C005128EB /* icon@2x.png */; };
		C5C547661DD5057A005128EB /* icon@3x.png in Resources */ = {isa = PBXBuildFile; fileRef = C5C5468E1DD5054C005128EB /* icon@3x.png */; };
		C5C547671DD5057A005128EB /* illustrator.png in Resources */ = {isa = PBXBuildFile; fileRef = C5C5468F1DD5054C005128EB /* illustrator.png */; };
		C5C547681DD5057A005128EB /* illustrator@2x.png in Resources */ = {isa = PBXBuildFile; fileRef = C5C546901DD5054C005128EB /* illustrator@2x.png */; };
		C5C547691DD5057A005128EB /* illustrator@3x.png in Resources */ = {isa = PBXBuildFile; fileRef = C5C546911DD5054C005128EB /* illustrator@3x.png */; };
		C5C5476A1DD5057A005128EB /* image.png in Resources */ = {isa = PBXBuildFile; fileRef = C5C546921DD5054C005128EB /* image.png */; };
		C5C5476B1DD5057A005128EB /* image@2x.png in Resources */ = {isa = PBXBuildFile; fileRef = C5C546931DD5054C005128EB /* image@2x.png */; };
		C5C5476C1DD5057A005128EB /* image@3x.png in Resources */ = {isa = PBXBuildFile; fileRef = C5C546941DD5054C005128EB /* image@3x.png */; };
		C5C5476D1DD5057A005128EB /* inDesign.png in Resources */ = {isa = PBXBuildFile; fileRef = C5C546951DD5054C005128EB /* inDesign.png */; };
		C5C5476E1DD5057A005128EB /* inDesign@2x.png in Resources */ = {isa = PBXBuildFile; fileRef = C5C546961DD5054C005128EB /* inDesign@2x.png */; };
		C5C5476F1DD5057A005128EB /* inDesign@3x.png in Resources */ = {isa = PBXBuildFile; fileRef = C5C546971DD5054C005128EB /* inDesign@3x.png */; };
		C5C547701DD5057A005128EB /* link.png in Resources */ = {isa = PBXBuildFile; fileRef = C5C546981DD5054C005128EB /* link.png */; };
		C5C547711DD5057A005128EB /* link@2x.png in Resources */ = {isa = PBXBuildFile; fileRef = C5C546991DD5054C005128EB /* link@2x.png */; };
		C5C547721DD5057A005128EB /* link@3x.png in Resources */ = {isa = PBXBuildFile; fileRef = C5C5469A1DD5054C005128EB /* link@3x.png */; };
		C5C547731DD5057A005128EB /* lock.png in Resources */ = {isa = PBXBuildFile; fileRef = C5C5469B1DD5054C005128EB /* lock.png */; };
		C5C547741DD5057A005128EB /* lock@2x.png in Resources */ = {isa = PBXBuildFile; fileRef = C5C5469C1DD5054C005128EB /* lock@2x.png */; };
		C5C547751DD5057A005128EB /* lock@3x.png in Resources */ = {isa = PBXBuildFile; fileRef = C5C5469D1DD5054C005128EB /* lock@3x.png */; };
		C5C547761DD5057A005128EB /* pdf.png in Resources */ = {isa = PBXBuildFile; fileRef = C5C5469E1DD5054C005128EB /* pdf.png */; };
		C5C547771DD5057A005128EB /* pdf@2x.png in Resources */ = {isa = PBXBuildFile; fileRef = C5C5469F1DD5054C005128EB /* pdf@2x.png */; };
		C5C547781DD5057A005128EB /* pdf@3x.png in Resources */ = {isa = PBXBuildFile; fileRef = C5C546A01DD5054C005128EB /* pdf@3x.png */; };
		C5C547791DD5057A005128EB /* personal_folder.png in Resources */ = {isa = PBXBuildFile; fileRef = C5C546A11DD5054C005128EB /* personal_folder.png */; };
		C5C5477A1DD5057A005128EB /* personal_folder@2x.png in Resources */ = {isa = PBXBuildFile; fileRef = C5C546A21DD5054C005128EB /* personal_folder@2x.png */; };
		C5C5477B1DD5057A005128EB /* personal_folder@3x.png in Resources */ = {isa = PBXBuildFile; fileRef = C5C546A31DD5054C005128EB /* personal_folder@3x.png */; };
		C5C5477C1DD5057A005128EB /* photoshop.png in Resources */ = {isa = PBXBuildFile; fileRef = C5C546A41DD5054C005128EB /* photoshop.png */; };
		C5C5477D1DD5057A005128EB /* photoshop@2x.png in Resources */ = {isa = PBXBuildFile; fileRef = C5C546A51DD5054C005128EB /* photoshop@2x.png */; };
		C5C5477E1DD5057A005128EB /* photoshop@3x.png in Resources */ = {isa = PBXBuildFile; fileRef = C5C546A61DD5054C005128EB /* photoshop@3x.png */; };
		C5C5477F1DD5057A005128EB /* presentation.png in Resources */ = {isa = PBXBuildFile; fileRef = C5C546A71DD5054C005128EB /* presentation.png */; };
		C5C547801DD5057A005128EB /* presentation@2x.png in Resources */ = {isa = PBXBuildFile; fileRef = C5C546A81DD5054C005128EB /* presentation@2x.png */; };
		C5C547811DD5057A005128EB /* presentation@3x.png in Resources */ = {isa = PBXBuildFile; fileRef = C5C546A91DD5054C005128EB /* presentation@3x.png */; };
		C5C547821DD5057A005128EB /* shared_folder.png in Resources */ = {isa = PBXBuildFile; fileRef = C5C546AA1DD5054C005128EB /* shared_folder.png */; };
		C5C547831DD5057A005128EB /* shared_folder@2x.png in Resources */ = {isa = PBXBuildFile; fileRef = C5C546AB1DD5054C005128EB /* shared_folder@2x.png */; };
		C5C547841DD5057A005128EB /* shared_folder@3x.png in Resources */ = {isa = PBXBuildFile; fileRef = C5C546AC1DD5054C005128EB /* shared_folder@3x.png */; };
		C5C547851DD5057A005128EB /* sketch.png in Resources */ = {isa = PBXBuildFile; fileRef = C5C546AD1DD5054C005128EB /* sketch.png */; };
		C5C547861DD5057A005128EB /* sketch@2x.png in Resources */ = {isa = PBXBuildFile; fileRef = C5C546AE1DD5054C005128EB /* sketch@2x.png */; };
		C5C547871DD5057A005128EB /* sketch@3x.png in Resources */ = {isa = PBXBuildFile; fileRef = C5C546AF1DD5054C005128EB /* sketch@3x.png */; };
		C5C547881DD5057A005128EB /* spreadsheet.png in Resources */ = {isa = PBXBuildFile; fileRef = C5C546B01DD5054C005128EB /* spreadsheet.png */; };
		C5C547891DD5057A005128EB /* spreadsheet@2x.png in Resources */ = {isa = PBXBuildFile; fileRef = C5C546B11DD5054C005128EB /* spreadsheet@2x.png */; };
		C5C5478A1DD5057A005128EB /* spreadsheet@3x.png in Resources */ = {isa = PBXBuildFile; fileRef = C5C546B21DD5054C005128EB /* spreadsheet@3x.png */; };
		C5C5478B1DD5057A005128EB /* text.png in Resources */ = {isa = PBXBuildFile; fileRef = C5C546B31DD5054C005128EB /* text.png */; };
		C5C5478C1DD5057A005128EB /* text@2x.png in Resources */ = {isa = PBXBuildFile; fileRef = C5C546B41DD5054C005128EB /* text@2x.png */; };
		C5C5478D1DD5057A005128EB /* text@3x.png in Resources */ = {isa = PBXBuildFile; fileRef = C5C546B51DD5054C005128EB /* text@3x.png */; };
		C5C5478E1DD5057A005128EB /* vector.png in Resources */ = {isa = PBXBuildFile; fileRef = C5C546B61DD5054C005128EB /* vector.png */; };
		C5C5478F1DD5057A005128EB /* vector@2x.png in Resources */ = {isa = PBXBuildFile; fileRef = C5C546B71DD5054C005128EB /* vector@2x.png */; };
		C5C547901DD5057A005128EB /* vector@3x.png in Resources */ = {isa = PBXBuildFile; fileRef = C5C546B81DD5054C005128EB /* vector@3x.png */; };
		C5C547911DD5057A005128EB /* video.png in Resources */ = {isa = PBXBuildFile; fileRef = C5C546B91DD5054C005128EB /* video.png */; };
		C5C547921DD5057A005128EB /* video@2x.png in Resources */ = {isa = PBXBuildFile; fileRef = C5C546BA1DD5054C005128EB /* video@2x.png */; };
		C5C547931DD5057A005128EB /* video@3x.png in Resources */ = {isa = PBXBuildFile; fileRef = C5C546BB1DD5054C005128EB /* video@3x.png */; };
		C5C547941DD5057A005128EB /* zip.png in Resources */ = {isa = PBXBuildFile; fileRef = C5C546BC1DD5054C005128EB /* zip.png */; };
		C5C547951DD5057A005128EB /* zip@2x.png in Resources */ = {isa = PBXBuildFile; fileRef = C5C546BD1DD5054C005128EB /* zip@2x.png */; };
		C5C547961DD5057A005128EB /* zip@3x.png in Resources */ = {isa = PBXBuildFile; fileRef = C5C546BE1DD5054C005128EB /* zip@3x.png */; };
		C5C547DF1DD50677005128EB /* small_audio.png in Resources */ = {isa = PBXBuildFile; fileRef = C5C547971DD50668005128EB /* small_audio.png */; };
		C5C547E01DD50677005128EB /* small_audio@2x.png in Resources */ = {isa = PBXBuildFile; fileRef = C5C547981DD50668005128EB /* small_audio@2x.png */; };
		C5C547E11DD50677005128EB /* small_audio@3x.png in Resources */ = {isa = PBXBuildFile; fileRef = C5C547991DD50668005128EB /* small_audio@3x.png */; };
		C5C547E21DD50677005128EB /* small_boxnote.png in Resources */ = {isa = PBXBuildFile; fileRef = C5C5479A1DD50668005128EB /* small_boxnote.png */; };
		C5C547E31DD50677005128EB /* small_boxnote@2x.png in Resources */ = {isa = PBXBuildFile; fileRef = C5C5479B1DD50669005128EB /* small_boxnote@2x.png */; };
		C5C547E41DD50677005128EB /* small_boxnote@3x.png in Resources */ = {isa = PBXBuildFile; fileRef = C5C5479C1DD50669005128EB /* small_boxnote@3x.png */; };
		C5C547E51DD50677005128EB /* small_code.png in Resources */ = {isa = PBXBuildFile; fileRef = C5C5479D1DD50669005128EB /* small_code.png */; };
		C5C547E61DD50677005128EB /* small_code@2x.png in Resources */ = {isa = PBXBuildFile; fileRef = C5C5479E1DD50669005128EB /* small_code@2x.png */; };
		C5C547E71DD50677005128EB /* small_code@3x.png in Resources */ = {isa = PBXBuildFile; fileRef = C5C5479F1DD50669005128EB /* small_code@3x.png */; };
		C5C547E81DD50677005128EB /* small_database.png in Resources */ = {isa = PBXBuildFile; fileRef = C5C547A01DD50669005128EB /* small_database.png */; };
		C5C547E91DD50677005128EB /* small_database@2x.png in Resources */ = {isa = PBXBuildFile; fileRef = C5C547A11DD50669005128EB /* small_database@2x.png */; };
		C5C547EA1DD50677005128EB /* small_database@3x.png in Resources */ = {isa = PBXBuildFile; fileRef = C5C547A21DD50669005128EB /* small_database@3x.png */; };
		C5C547EB1DD50677005128EB /* small_document.png in Resources */ = {isa = PBXBuildFile; fileRef = C5C547A31DD50669005128EB /* small_document.png */; };
		C5C547EC1DD50677005128EB /* small_document@2x.png in Resources */ = {isa = PBXBuildFile; fileRef = C5C547A41DD50669005128EB /* small_document@2x.png */; };
		C5C547ED1DD50677005128EB /* small_document@3x.png in Resources */ = {isa = PBXBuildFile; fileRef = C5C547A51DD50669005128EB /* small_document@3x.png */; };
		C5C547EE1DD50677005128EB /* small_external_folder.png in Resources */ = {isa = PBXBuildFile; fileRef = C5C547A61DD50669005128EB /* small_external_folder.png */; };
		C5C547EF1DD50677005128EB /* small_external_folder@2x.png in Resources */ = {isa = PBXBuildFile; fileRef = C5C547A71DD50669005128EB /* small_external_folder@2x.png */; };
		C5C547F01DD50677005128EB /* small_external_folder@3x.png in Resources */ = {isa = PBXBuildFile; fileRef = C5C547A81DD50669005128EB /* small_external_folder@3x.png */; };
		C5C547F11DD50677005128EB /* small_icon.png in Resources */ = {isa = PBXBuildFile; fileRef = C5C547A91DD50669005128EB /* small_icon.png */; };
		C5C547F21DD50677005128EB /* small_icon@2x.png in Resources */ = {isa = PBXBuildFile; fileRef = C5C547AA1DD50669005128EB /* small_icon@2x.png */; };
		C5C547F31DD50677005128EB /* small_icon@3x.png in Resources */ = {isa = PBXBuildFile; fileRef = C5C547AB1DD50669005128EB /* small_icon@3x.png */; };
		C5C547F41DD50677005128EB /* small_illustrator.png in Resources */ = {isa = PBXBuildFile; fileRef = C5C547AC1DD50669005128EB /* small_illustrator.png */; };
		C5C547F51DD50677005128EB /* small_illustrator@2x.png in Resources */ = {isa = PBXBuildFile; fileRef = C5C547AD1DD50669005128EB /* small_illustrator@2x.png */; };
		C5C547F61DD50677005128EB /* small_illustrator@3x.png in Resources */ = {isa = PBXBuildFile; fileRef = C5C547AE1DD50669005128EB /* small_illustrator@3x.png */; };
		C5C547F71DD50677005128EB /* small_image.png in Resources */ = {isa = PBXBuildFile; fileRef = C5C547AF1DD50669005128EB /* small_image.png */; };
		C5C547F81DD50677005128EB /* small_image@2x.png in Resources */ = {isa = PBXBuildFile; fileRef = C5C547B01DD50669005128EB /* small_image@2x.png */; };
		C5C547F91DD50677005128EB /* small_image@3x.png in Resources */ = {isa = PBXBuildFile; fileRef = C5C547B11DD50669005128EB /* small_image@3x.png */; };
		C5C547FA1DD50677005128EB /* small_inDesign.png in Resources */ = {isa = PBXBuildFile; fileRef = C5C547B21DD50669005128EB /* small_inDesign.png */; };
		C5C547FB1DD50677005128EB /* small_inDesign@2x.png in Resources */ = {isa = PBXBuildFile; fileRef = C5C547B31DD50669005128EB /* small_inDesign@2x.png */; };
		C5C547FC1DD50677005128EB /* small_inDesign@3x.png in Resources */ = {isa = PBXBuildFile; fileRef = C5C547B41DD50669005128EB /* small_inDesign@3x.png */; };
		C5C547FD1DD50677005128EB /* small_link.png in Resources */ = {isa = PBXBuildFile; fileRef = C5C547B51DD50669005128EB /* small_link.png */; };
		C5C547FE1DD50677005128EB /* small_link@2x.png in Resources */ = {isa = PBXBuildFile; fileRef = C5C547B61DD50669005128EB /* small_link@2x.png */; };
		C5C547FF1DD50677005128EB /* small_link@3x.png in Resources */ = {isa = PBXBuildFile; fileRef = C5C547B71DD50669005128EB /* small_link@3x.png */; };
		C5C548001DD50677005128EB /* small_lock.png in Resources */ = {isa = PBXBuildFile; fileRef = C5C547B81DD50669005128EB /* small_lock.png */; };
		C5C548011DD50677005128EB /* small_lock@2x.png in Resources */ = {isa = PBXBuildFile; fileRef = C5C547B91DD50669005128EB /* small_lock@2x.png */; };
		C5C548021DD50677005128EB /* small_lock@3x.png in Resources */ = {isa = PBXBuildFile; fileRef = C5C547BA1DD50669005128EB /* small_lock@3x.png */; };
		C5C548061DD50677005128EB /* small_pdf.png in Resources */ = {isa = PBXBuildFile; fileRef = C5C547BE1DD50669005128EB /* small_pdf.png */; };
		C5C548071DD50677005128EB /* small_pdf@2x.png in Resources */ = {isa = PBXBuildFile; fileRef = C5C547BF1DD50669005128EB /* small_pdf@2x.png */; };
		C5C548081DD50677005128EB /* small_pdf@3x.png in Resources */ = {isa = PBXBuildFile; fileRef = C5C547C01DD50669005128EB /* small_pdf@3x.png */; };
		C5C548091DD50677005128EB /* small_personal_folder.png in Resources */ = {isa = PBXBuildFile; fileRef = C5C547C11DD50669005128EB /* small_personal_folder.png */; };
		C5C5480A1DD50677005128EB /* small_personal_folder@2x.png in Resources */ = {isa = PBXBuildFile; fileRef = C5C547C21DD50669005128EB /* small_personal_folder@2x.png */; };
		C5C5480B1DD50677005128EB /* small_personal_folder@3x.png in Resources */ = {isa = PBXBuildFile; fileRef = C5C547C31DD50669005128EB /* small_personal_folder@3x.png */; };
		C5C5480C1DD50677005128EB /* small_photoshop.png in Resources */ = {isa = PBXBuildFile; fileRef = C5C547C41DD50669005128EB /* small_photoshop.png */; };
		C5C5480D1DD50677005128EB /* small_photoshop@2x.png in Resources */ = {isa = PBXBuildFile; fileRef = C5C547C51DD50669005128EB /* small_photoshop@2x.png */; };
		C5C5480E1DD50677005128EB /* small_photoshop@3x.png in Resources */ = {isa = PBXBuildFile; fileRef = C5C547C61DD50669005128EB /* small_photoshop@3x.png */; };
		C5C5480F1DD50677005128EB /* small_presentation.png in Resources */ = {isa = PBXBuildFile; fileRef = C5C547C71DD50669005128EB /* small_presentation.png */; };
		C5C548101DD50677005128EB /* small_presentation@2x.png in Resources */ = {isa = PBXBuildFile; fileRef = C5C547C81DD50669005128EB /* small_presentation@2x.png */; };
		C5C548111DD50677005128EB /* small_presentation@3x.png in Resources */ = {isa = PBXBuildFile; fileRef = C5C547C91DD50669005128EB /* small_presentation@3x.png */; };
		C5C548121DD50677005128EB /* small_shared_folder.png in Resources */ = {isa = PBXBuildFile; fileRef = C5C547CA1DD50669005128EB /* small_shared_folder.png */; };
		C5C548131DD50677005128EB /* small_shared_folder@2x.png in Resources */ = {isa = PBXBuildFile; fileRef = C5C547CB1DD50669005128EB /* small_shared_folder@2x.png */; };
		C5C548141DD50677005128EB /* small_shared_folder@3x.png in Resources */ = {isa = PBXBuildFile; fileRef = C5C547CC1DD50669005128EB /* small_shared_folder@3x.png */; };
		C5C548151DD50677005128EB /* small_sketch.png in Resources */ = {isa = PBXBuildFile; fileRef = C5C547CD1DD50669005128EB /* small_sketch.png */; };
		C5C548161DD50677005128EB /* small_sketch@2x.png in Resources */ = {isa = PBXBuildFile; fileRef = C5C547CE1DD50669005128EB /* small_sketch@2x.png */; };
		C5C548171DD50677005128EB /* small_sketch@3x.png in Resources */ = {isa = PBXBuildFile; fileRef = C5C547CF1DD50669005128EB /* small_sketch@3x.png */; };
		C5C548181DD50677005128EB /* small_spreadsheet.png in Resources */ = {isa = PBXBuildFile; fileRef = C5C547D01DD50669005128EB /* small_spreadsheet.png */; };
		C5C548191DD50677005128EB /* small_spreadsheet@2x.png in Resources */ = {isa = PBXBuildFile; fileRef = C5C547D11DD50669005128EB /* small_spreadsheet@2x.png */; };
		C5C5481A1DD50677005128EB /* small_spreadsheet@3x.png in Resources */ = {isa = PBXBuildFile; fileRef = C5C547D21DD50669005128EB /* small_spreadsheet@3x.png */; };
		C5C5481B1DD50677005128EB /* small_text.png in Resources */ = {isa = PBXBuildFile; fileRef = C5C547D31DD50669005128EB /* small_text.png */; };
		C5C5481C1DD50677005128EB /* small_text@2x.png in Resources */ = {isa = PBXBuildFile; fileRef = C5C547D41DD50669005128EB /* small_text@2x.png */; };
		C5C5481D1DD50677005128EB /* small_text@3x.png in Resources */ = {isa = PBXBuildFile; fileRef = C5C547D51DD50669005128EB /* small_text@3x.png */; };
		C5C5481E1DD50677005128EB /* small_vector.png in Resources */ = {isa = PBXBuildFile; fileRef = C5C547D61DD50669005128EB /* small_vector.png */; };
		C5C5481F1DD50677005128EB /* small_vector@2x.png in Resources */ = {isa = PBXBuildFile; fileRef = C5C547D71DD50669005128EB /* small_vector@2x.png */; };
		C5C548201DD50677005128EB /* small_vector@3x.png in Resources */ = {isa = PBXBuildFile; fileRef = C5C547D81DD50669005128EB /* small_vector@3x.png */; };
		C5C548211DD50677005128EB /* small_video.png in Resources */ = {isa = PBXBuildFile; fileRef = C5C547D91DD50669005128EB /* small_video.png */; };
		C5C548221DD50677005128EB /* small_video@2x.png in Resources */ = {isa = PBXBuildFile; fileRef = C5C547DA1DD50669005128EB /* small_video@2x.png */; };
		C5C548231DD50677005128EB /* small_video@3x.png in Resources */ = {isa = PBXBuildFile; fileRef = C5C547DB1DD50669005128EB /* small_video@3x.png */; };
		C5C548241DD50677005128EB /* small_zip.png in Resources */ = {isa = PBXBuildFile; fileRef = C5C547DC1DD50669005128EB /* small_zip.png */; };
		C5C548251DD50677005128EB /* small_zip@2x.png in Resources */ = {isa = PBXBuildFile; fileRef = C5C547DD1DD50669005128EB /* small_zip@2x.png */; };
		C5C548261DD50677005128EB /* small_zip@3x.png in Resources */ = {isa = PBXBuildFile; fileRef = C5C547DE1DD50669005128EB /* small_zip@3x.png */; };
		E18A822A1DD7DD8B001B005E /* small_generic.png in Resources */ = {isa = PBXBuildFile; fileRef = E18A82261DD7DD8B001B005E /* small_generic.png */; };
		E18A822C1DD7DD8B001B005E /* small_generic@2x.png in Resources */ = {isa = PBXBuildFile; fileRef = E18A82271DD7DD8B001B005E /* small_generic@2x.png */; };
		E18A822E1DD7DD8B001B005E /* small_generic@3x.png in Resources */ = {isa = PBXBuildFile; fileRef = E18A82281DD7DD8B001B005E /* small_generic@3x.png */; };
/* End PBXBuildFile section */

/* Begin PBXContainerItemProxy section */
		15146EBD1AC20B78000BA380 /* PBXContainerItemProxy */ = {
			isa = PBXContainerItemProxy;
			containerPortal = 15146EA81AC20B77000BA380 /* Project object */;
			proxyType = 1;
			remoteGlobalIDString = 15146EAF1AC20B77000BA380;
			remoteInfo = BoxBrowseSDK;
		};
		1564A54D1ACA19DC005DD04F /* PBXContainerItemProxy */ = {
			isa = PBXContainerItemProxy;
			containerPortal = 15146EA81AC20B77000BA380 /* Project object */;
			proxyType = 1;
			remoteGlobalIDString = 1564A5431ACA1908005DD04F;
			remoteInfo = BoxBrowseSDKResources;
		};
/* End PBXContainerItemProxy section */

/* Begin PBXFileReference section */
		11B5CF7F1C59A3F900FDBE0F /* NSBundle+BOXBrowseSDKAdditions.h */ = {isa = PBXFileReference; fileEncoding = 4; lastKnownFileType = sourcecode.c.h; path = "NSBundle+BOXBrowseSDKAdditions.h"; sourceTree = "<group>"; };
		11B5CF801C59A3F900FDBE0F /* NSBundle+BOXBrowseSDKAdditions.m */ = {isa = PBXFileReference; fileEncoding = 4; lastKnownFileType = sourcecode.c.objc; path = "NSBundle+BOXBrowseSDKAdditions.m"; sourceTree = "<group>"; };
		11B5CF8B1C59A53700FDBE0F /* BOXBrowseSDKResourceLocator.h */ = {isa = PBXFileReference; fileEncoding = 4; lastKnownFileType = sourcecode.c.h; name = BOXBrowseSDKResourceLocator.h; path = Helpers/BOXBrowseSDKResourceLocator.h; sourceTree = "<group>"; };
		11B5CF8C1C59A53700FDBE0F /* BOXBrowseSDKResourceLocator.m */ = {isa = PBXFileReference; fileEncoding = 4; lastKnownFileType = sourcecode.c.objc; name = BOXBrowseSDKResourceLocator.m; path = Helpers/BOXBrowseSDKResourceLocator.m; sourceTree = "<group>"; };
		11B5CF941C5A88DD00FDBE0F /* BOXItem+BOXBrowseSDKAdditions.h */ = {isa = PBXFileReference; fileEncoding = 4; lastKnownFileType = sourcecode.c.h; path = "BOXItem+BOXBrowseSDKAdditions.h"; sourceTree = "<group>"; };
		11B5CF951C5A88DD00FDBE0F /* BOXItem+BOXBrowseSDKAdditions.m */ = {isa = PBXFileReference; fileEncoding = 4; lastKnownFileType = sourcecode.c.objc; path = "BOXItem+BOXBrowseSDKAdditions.m"; sourceTree = "<group>"; };
		1501083F1AE5E6B100E1FD4C /* BOXBrowseSDKConstants.h */ = {isa = PBXFileReference; fileEncoding = 4; lastKnownFileType = sourcecode.c.h; path = BOXBrowseSDKConstants.h; sourceTree = "<group>"; };
		15146EB01AC20B77000BA380 /* libBoxBrowseSDK.a */ = {isa = PBXFileReference; explicitFileType = archive.ar; includeInIndex = 0; path = libBoxBrowseSDK.a; sourceTree = BUILT_PRODUCTS_DIR; };
		15146EB31AC20B77000BA380 /* BoxBrowseSDK.h */ = {isa = PBXFileReference; lastKnownFileType = sourcecode.c.h; path = BoxBrowseSDK.h; sourceTree = "<group>"; };
		15146EB51AC20B77000BA380 /* BoxBrowseSDK.m */ = {isa = PBXFileReference; lastKnownFileType = sourcecode.c.objc; path = BoxBrowseSDK.m; sourceTree = "<group>"; };
		15146EBB1AC20B78000BA380 /* BoxBrowseSDKTests.xctest */ = {isa = PBXFileReference; explicitFileType = wrapper.cfbundle; includeInIndex = 0; path = BoxBrowseSDKTests.xctest; sourceTree = BUILT_PRODUCTS_DIR; };
		15146EC11AC20B78000BA380 /* Info.plist */ = {isa = PBXFileReference; lastKnownFileType = text.plist.xml; path = Info.plist; sourceTree = "<group>"; };
		153113931AC3569100996D00 /* BOXFolderViewController.h */ = {isa = PBXFileReference; fileEncoding = 4; lastKnownFileType = sourcecode.c.h; path = BOXFolderViewController.h; sourceTree = "<group>"; };
		153113941AC3569100996D00 /* BOXFolderViewController.m */ = {isa = PBXFileReference; fileEncoding = 4; lastKnownFileType = sourcecode.c.objc; path = BOXFolderViewController.m; sourceTree = "<group>"; };
		1564A5341ACA12D1005DD04F /* UIImage+BOXBrowseSDKAdditions.h */ = {isa = PBXFileReference; fileEncoding = 4; lastKnownFileType = sourcecode.c.h; path = "UIImage+BOXBrowseSDKAdditions.h"; sourceTree = "<group>"; };
		1564A5351ACA12D1005DD04F /* UIImage+BOXBrowseSDKAdditions.m */ = {isa = PBXFileReference; fileEncoding = 4; lastKnownFileType = sourcecode.c.objc; path = "UIImage+BOXBrowseSDKAdditions.m"; sourceTree = "<group>"; };
		1564A5441ACA1908005DD04F /* BoxBrowseSDK.bundle */ = {isa = PBXFileReference; explicitFileType = wrapper.cfbundle; includeInIndex = 0; path = BoxBrowseSDK.bundle; sourceTree = BUILT_PRODUCTS_DIR; };
		1564A5471ACA1908005DD04F /* Info.plist */ = {isa = PBXFileReference; lastKnownFileType = text.plist.xml; path = Info.plist; sourceTree = "<group>"; };
		1564A5531ACA1D68005DD04F /* BOXItemCell.h */ = {isa = PBXFileReference; fileEncoding = 4; lastKnownFileType = sourcecode.c.h; path = BOXItemCell.h; sourceTree = "<group>"; };
		1564A5541ACA1D68005DD04F /* BOXItemCell.m */ = {isa = PBXFileReference; fileEncoding = 4; lastKnownFileType = sourcecode.c.objc; path = BOXItemCell.m; sourceTree = "<group>"; };
		1564A6D71ACB3C9E005DD04F /* BOXThumbnailCache.h */ = {isa = PBXFileReference; fileEncoding = 4; lastKnownFileType = sourcecode.c.h; path = BOXThumbnailCache.h; sourceTree = "<group>"; };
		1564A6D81ACB3C9E005DD04F /* BOXThumbnailCache.m */ = {isa = PBXFileReference; fileEncoding = 4; lastKnownFileType = sourcecode.c.objc; path = BOXThumbnailCache.m; sourceTree = "<group>"; };
		15764E0A1ACF42710023C535 /* BOXSearchResultsViewController.h */ = {isa = PBXFileReference; fileEncoding = 4; lastKnownFileType = sourcecode.c.h; path = BOXSearchResultsViewController.h; sourceTree = "<group>"; };
		15764E0B1ACF42710023C535 /* BOXSearchResultsViewController.m */ = {isa = PBXFileReference; fileEncoding = 4; lastKnownFileType = sourcecode.c.objc; path = BOXSearchResultsViewController.m; sourceTree = "<group>"; };
		15CE09F91ACC7653006B8614 /* BOXCreateFolderViewController.h */ = {isa = PBXFileReference; fileEncoding = 4; lastKnownFileType = sourcecode.c.h; path = BOXCreateFolderViewController.h; sourceTree = "<group>"; };
		15CE09FA1ACC7653006B8614 /* BOXCreateFolderViewController.m */ = {isa = PBXFileReference; fileEncoding = 4; lastKnownFileType = sourcecode.c.objc; path = BOXCreateFolderViewController.m; sourceTree = "<group>"; };
		15CE0A051ACD15BA006B8614 /* DummyStrings.h */ = {isa = PBXFileReference; fileEncoding = 4; lastKnownFileType = sourcecode.c.h; path = DummyStrings.h; sourceTree = "<group>"; };
		15CE0A061ACD15BA006B8614 /* DummyStrings.m */ = {isa = PBXFileReference; fileEncoding = 4; lastKnownFileType = sourcecode.c.objc; path = DummyStrings.m; sourceTree = "<group>"; };
		15CE0A081ACDEE1A006B8614 /* BOXItemsViewController.h */ = {isa = PBXFileReference; fileEncoding = 4; lastKnownFileType = sourcecode.c.h; path = BOXItemsViewController.h; sourceTree = "<group>"; };
		15CE0A091ACDEE1A006B8614 /* BOXItemsViewController.m */ = {isa = PBXFileReference; fileEncoding = 4; lastKnownFileType = sourcecode.c.objc; path = BOXItemsViewController.m; sourceTree = "<group>"; };
		828F7163FC02E1D6797DD3DE /* Pods.debug.xcconfig */ = {isa = PBXFileReference; includeInIndex = 1; lastKnownFileType = text.xcconfig; name = Pods.debug.xcconfig; path = "Pods/Target Support Files/Pods/Pods.debug.xcconfig"; sourceTree = "<group>"; };
		C5C546771DD5054C005128EB /* audio.png */ = {isa = PBXFileReference; lastKnownFileType = image.png; path = audio.png; sourceTree = "<group>"; };
		C5C546781DD5054C005128EB /* audio@2x.png */ = {isa = PBXFileReference; lastKnownFileType = image.png; path = "audio@2x.png"; sourceTree = "<group>"; };
		C5C546791DD5054C005128EB /* audio@3x.png */ = {isa = PBXFileReference; lastKnownFileType = image.png; path = "audio@3x.png"; sourceTree = "<group>"; };
		C5C5467A1DD5054C005128EB /* boxnote.png */ = {isa = PBXFileReference; lastKnownFileType = image.png; path = boxnote.png; sourceTree = "<group>"; };
		C5C5467B1DD5054C005128EB /* boxnote@2x.png */ = {isa = PBXFileReference; lastKnownFileType = image.png; path = "boxnote@2x.png"; sourceTree = "<group>"; };
		C5C5467C1DD5054C005128EB /* boxnote@3x.png */ = {isa = PBXFileReference; lastKnownFileType = image.png; path = "boxnote@3x.png"; sourceTree = "<group>"; };
		C5C5467D1DD5054C005128EB /* code.png */ = {isa = PBXFileReference; lastKnownFileType = image.png; path = code.png; sourceTree = "<group>"; };
		C5C5467E1DD5054C005128EB /* code@2x.png */ = {isa = PBXFileReference; lastKnownFileType = image.png; path = "code@2x.png"; sourceTree = "<group>"; };
		C5C5467F1DD5054C005128EB /* code@3x.png */ = {isa = PBXFileReference; lastKnownFileType = image.png; path = "code@3x.png"; sourceTree = "<group>"; };
		C5C546801DD5054C005128EB /* database.png */ = {isa = PBXFileReference; lastKnownFileType = image.png; path = database.png; sourceTree = "<group>"; };
		C5C546811DD5054C005128EB /* database@2x.png */ = {isa = PBXFileReference; lastKnownFileType = image.png; path = "database@2x.png"; sourceTree = "<group>"; };
		C5C546821DD5054C005128EB /* database@3x.png */ = {isa = PBXFileReference; lastKnownFileType = image.png; path = "database@3x.png"; sourceTree = "<group>"; };
		C5C546831DD5054C005128EB /* document.png */ = {isa = PBXFileReference; lastKnownFileType = image.png; path = document.png; sourceTree = "<group>"; };
		C5C546841DD5054C005128EB /* document@2x.png */ = {isa = PBXFileReference; lastKnownFileType = image.png; path = "document@2x.png"; sourceTree = "<group>"; };
		C5C546851DD5054C005128EB /* document@3x.png */ = {isa = PBXFileReference; lastKnownFileType = image.png; path = "document@3x.png"; sourceTree = "<group>"; };
		C5C546861DD5054C005128EB /* external_folder.png */ = {isa = PBXFileReference; lastKnownFileType = image.png; path = external_folder.png; sourceTree = "<group>"; };
		C5C546871DD5054C005128EB /* external_folder@2x.png */ = {isa = PBXFileReference; lastKnownFileType = image.png; path = "external_folder@2x.png"; sourceTree = "<group>"; };
		C5C546881DD5054C005128EB /* external_folder@3x.png */ = {isa = PBXFileReference; lastKnownFileType = image.png; path = "external_folder@3x.png"; sourceTree = "<group>"; };
		C5C546891DD5054C005128EB /* generic.png */ = {isa = PBXFileReference; lastKnownFileType = image.png; path = generic.png; sourceTree = "<group>"; };
		C5C5468A1DD5054C005128EB /* generic@2x.png */ = {isa = PBXFileReference; lastKnownFileType = image.png; path = "generic@2x.png"; sourceTree = "<group>"; };
		C5C5468B1DD5054C005128EB /* generic@3x.png */ = {isa = PBXFileReference; lastKnownFileType = image.png; path = "generic@3x.png"; sourceTree = "<group>"; };
		C5C5468C1DD5054C005128EB /* icon.png */ = {isa = PBXFileReference; lastKnownFileType = image.png; path = icon.png; sourceTree = "<group>"; };
		C5C5468D1DD5054C005128EB /* icon@2x.png */ = {isa = PBXFileReference; lastKnownFileType = image.png; path = "icon@2x.png"; sourceTree = "<group>"; };
		C5C5468E1DD5054C005128EB /* icon@3x.png */ = {isa = PBXFileReference; lastKnownFileType = image.png; path = "icon@3x.png"; sourceTree = "<group>"; };
		C5C5468F1DD5054C005128EB /* illustrator.png */ = {isa = PBXFileReference; lastKnownFileType = image.png; path = illustrator.png; sourceTree = "<group>"; };
		C5C546901DD5054C005128EB /* illustrator@2x.png */ = {isa = PBXFileReference; lastKnownFileType = image.png; path = "illustrator@2x.png"; sourceTree = "<group>"; };
		C5C546911DD5054C005128EB /* illustrator@3x.png */ = {isa = PBXFileReference; lastKnownFileType = image.png; path = "illustrator@3x.png"; sourceTree = "<group>"; };
		C5C546921DD5054C005128EB /* image.png */ = {isa = PBXFileReference; lastKnownFileType = image.png; path = image.png; sourceTree = "<group>"; };
		C5C546931DD5054C005128EB /* image@2x.png */ = {isa = PBXFileReference; lastKnownFileType = image.png; path = "image@2x.png"; sourceTree = "<group>"; };
		C5C546941DD5054C005128EB /* image@3x.png */ = {isa = PBXFileReference; lastKnownFileType = image.png; path = "image@3x.png"; sourceTree = "<group>"; };
		C5C546951DD5054C005128EB /* inDesign.png */ = {isa = PBXFileReference; lastKnownFileType = image.png; path = inDesign.png; sourceTree = "<group>"; };
		C5C546961DD5054C005128EB /* inDesign@2x.png */ = {isa = PBXFileReference; lastKnownFileType = image.png; path = "inDesign@2x.png"; sourceTree = "<group>"; };
		C5C546971DD5054C005128EB /* inDesign@3x.png */ = {isa = PBXFileReference; lastKnownFileType = image.png; path = "inDesign@3x.png"; sourceTree = "<group>"; };
		C5C546981DD5054C005128EB /* link.png */ = {isa = PBXFileReference; lastKnownFileType = image.png; path = link.png; sourceTree = "<group>"; };
		C5C546991DD5054C005128EB /* link@2x.png */ = {isa = PBXFileReference; lastKnownFileType = image.png; path = "link@2x.png"; sourceTree = "<group>"; };
		C5C5469A1DD5054C005128EB /* link@3x.png */ = {isa = PBXFileReference; lastKnownFileType = image.png; path = "link@3x.png"; sourceTree = "<group>"; };
		C5C5469B1DD5054C005128EB /* lock.png */ = {isa = PBXFileReference; lastKnownFileType = image.png; path = lock.png; sourceTree = "<group>"; };
		C5C5469C1DD5054C005128EB /* lock@2x.png */ = {isa = PBXFileReference; lastKnownFileType = image.png; path = "lock@2x.png"; sourceTree = "<group>"; };
		C5C5469D1DD5054C005128EB /* lock@3x.png */ = {isa = PBXFileReference; lastKnownFileType = image.png; path = "lock@3x.png"; sourceTree = "<group>"; };
		C5C5469E1DD5054C005128EB /* pdf.png */ = {isa = PBXFileReference; lastKnownFileType = image.png; path = pdf.png; sourceTree = "<group>"; };
		C5C5469F1DD5054C005128EB /* pdf@2x.png */ = {isa = PBXFileReference; lastKnownFileType = image.png; path = "pdf@2x.png"; sourceTree = "<group>"; };
		C5C546A01DD5054C005128EB /* pdf@3x.png */ = {isa = PBXFileReference; lastKnownFileType = image.png; path = "pdf@3x.png"; sourceTree = "<group>"; };
		C5C546A11DD5054C005128EB /* personal_folder.png */ = {isa = PBXFileReference; lastKnownFileType = image.png; path = personal_folder.png; sourceTree = "<group>"; };
		C5C546A21DD5054C005128EB /* personal_folder@2x.png */ = {isa = PBXFileReference; lastKnownFileType = image.png; path = "personal_folder@2x.png"; sourceTree = "<group>"; };
		C5C546A31DD5054C005128EB /* personal_folder@3x.png */ = {isa = PBXFileReference; lastKnownFileType = image.png; path = "personal_folder@3x.png"; sourceTree = "<group>"; };
		C5C546A41DD5054C005128EB /* photoshop.png */ = {isa = PBXFileReference; lastKnownFileType = image.png; path = photoshop.png; sourceTree = "<group>"; };
		C5C546A51DD5054C005128EB /* photoshop@2x.png */ = {isa = PBXFileReference; lastKnownFileType = image.png; path = "photoshop@2x.png"; sourceTree = "<group>"; };
		C5C546A61DD5054C005128EB /* photoshop@3x.png */ = {isa = PBXFileReference; lastKnownFileType = image.png; path = "photoshop@3x.png"; sourceTree = "<group>"; };
		C5C546A71DD5054C005128EB /* presentation.png */ = {isa = PBXFileReference; lastKnownFileType = image.png; path = presentation.png; sourceTree = "<group>"; };
		C5C546A81DD5054C005128EB /* presentation@2x.png */ = {isa = PBXFileReference; lastKnownFileType = image.png; path = "presentation@2x.png"; sourceTree = "<group>"; };
		C5C546A91DD5054C005128EB /* presentation@3x.png */ = {isa = PBXFileReference; lastKnownFileType = image.png; path = "presentation@3x.png"; sourceTree = "<group>"; };
		C5C546AA1DD5054C005128EB /* shared_folder.png */ = {isa = PBXFileReference; lastKnownFileType = image.png; path = shared_folder.png; sourceTree = "<group>"; };
		C5C546AB1DD5054C005128EB /* shared_folder@2x.png */ = {isa = PBXFileReference; lastKnownFileType = image.png; path = "shared_folder@2x.png"; sourceTree = "<group>"; };
		C5C546AC1DD5054C005128EB /* shared_folder@3x.png */ = {isa = PBXFileReference; lastKnownFileType = image.png; path = "shared_folder@3x.png"; sourceTree = "<group>"; };
		C5C546AD1DD5054C005128EB /* sketch.png */ = {isa = PBXFileReference; lastKnownFileType = image.png; path = sketch.png; sourceTree = "<group>"; };
		C5C546AE1DD5054C005128EB /* sketch@2x.png */ = {isa = PBXFileReference; lastKnownFileType = image.png; path = "sketch@2x.png"; sourceTree = "<group>"; };
		C5C546AF1DD5054C005128EB /* sketch@3x.png */ = {isa = PBXFileReference; lastKnownFileType = image.png; path = "sketch@3x.png"; sourceTree = "<group>"; };
		C5C546B01DD5054C005128EB /* spreadsheet.png */ = {isa = PBXFileReference; lastKnownFileType = image.png; path = spreadsheet.png; sourceTree = "<group>"; };
		C5C546B11DD5054C005128EB /* spreadsheet@2x.png */ = {isa = PBXFileReference; lastKnownFileType = image.png; path = "spreadsheet@2x.png"; sourceTree = "<group>"; };
		C5C546B21DD5054C005128EB /* spreadsheet@3x.png */ = {isa = PBXFileReference; lastKnownFileType = image.png; path = "spreadsheet@3x.png"; sourceTree = "<group>"; };
		C5C546B31DD5054C005128EB /* text.png */ = {isa = PBXFileReference; lastKnownFileType = image.png; path = text.png; sourceTree = "<group>"; };
		C5C546B41DD5054C005128EB /* text@2x.png */ = {isa = PBXFileReference; lastKnownFileType = image.png; path = "text@2x.png"; sourceTree = "<group>"; };
		C5C546B51DD5054C005128EB /* text@3x.png */ = {isa = PBXFileReference; lastKnownFileType = image.png; path = "text@3x.png"; sourceTree = "<group>"; };
		C5C546B61DD5054C005128EB /* vector.png */ = {isa = PBXFileReference; lastKnownFileType = image.png; path = vector.png; sourceTree = "<group>"; };
		C5C546B71DD5054C005128EB /* vector@2x.png */ = {isa = PBXFileReference; lastKnownFileType = image.png; path = "vector@2x.png"; sourceTree = "<group>"; };
		C5C546B81DD5054C005128EB /* vector@3x.png */ = {isa = PBXFileReference; lastKnownFileType = image.png; path = "vector@3x.png"; sourceTree = "<group>"; };
		C5C546B91DD5054C005128EB /* video.png */ = {isa = PBXFileReference; lastKnownFileType = image.png; path = video.png; sourceTree = "<group>"; };
		C5C546BA1DD5054C005128EB /* video@2x.png */ = {isa = PBXFileReference; lastKnownFileType = image.png; path = "video@2x.png"; sourceTree = "<group>"; };
		C5C546BB1DD5054C005128EB /* video@3x.png */ = {isa = PBXFileReference; lastKnownFileType = image.png; path = "video@3x.png"; sourceTree = "<group>"; };
		C5C546BC1DD5054C005128EB /* zip.png */ = {isa = PBXFileReference; lastKnownFileType = image.png; path = zip.png; sourceTree = "<group>"; };
		C5C546BD1DD5054C005128EB /* zip@2x.png */ = {isa = PBXFileReference; lastKnownFileType = image.png; path = "zip@2x.png"; sourceTree = "<group>"; };
		C5C546BE1DD5054C005128EB /* zip@3x.png */ = {isa = PBXFileReference; lastKnownFileType = image.png; path = "zip@3x.png"; sourceTree = "<group>"; };
		C5C547971DD50668005128EB /* small_audio.png */ = {isa = PBXFileReference; lastKnownFileType = image.png; path = small_audio.png; sourceTree = "<group>"; };
		C5C547981DD50668005128EB /* small_audio@2x.png */ = {isa = PBXFileReference; lastKnownFileType = image.png; path = "small_audio@2x.png"; sourceTree = "<group>"; };
		C5C547991DD50668005128EB /* small_audio@3x.png */ = {isa = PBXFileReference; lastKnownFileType = image.png; path = "small_audio@3x.png"; sourceTree = "<group>"; };
		C5C5479A1DD50668005128EB /* small_boxnote.png */ = {isa = PBXFileReference; lastKnownFileType = image.png; path = small_boxnote.png; sourceTree = "<group>"; };
		C5C5479B1DD50669005128EB /* small_boxnote@2x.png */ = {isa = PBXFileReference; lastKnownFileType = image.png; path = "small_boxnote@2x.png"; sourceTree = "<group>"; };
		C5C5479C1DD50669005128EB /* small_boxnote@3x.png */ = {isa = PBXFileReference; lastKnownFileType = image.png; path = "small_boxnote@3x.png"; sourceTree = "<group>"; };
		C5C5479D1DD50669005128EB /* small_code.png */ = {isa = PBXFileReference; lastKnownFileType = image.png; path = small_code.png; sourceTree = "<group>"; };
		C5C5479E1DD50669005128EB /* small_code@2x.png */ = {isa = PBXFileReference; lastKnownFileType = image.png; path = "small_code@2x.png"; sourceTree = "<group>"; };
		C5C5479F1DD50669005128EB /* small_code@3x.png */ = {isa = PBXFileReference; lastKnownFileType = image.png; path = "small_code@3x.png"; sourceTree = "<group>"; };
		C5C547A01DD50669005128EB /* small_database.png */ = {isa = PBXFileReference; lastKnownFileType = image.png; path = small_database.png; sourceTree = "<group>"; };
		C5C547A11DD50669005128EB /* small_database@2x.png */ = {isa = PBXFileReference; lastKnownFileType = image.png; path = "small_database@2x.png"; sourceTree = "<group>"; };
		C5C547A21DD50669005128EB /* small_database@3x.png */ = {isa = PBXFileReference; lastKnownFileType = image.png; path = "small_database@3x.png"; sourceTree = "<group>"; };
		C5C547A31DD50669005128EB /* small_document.png */ = {isa = PBXFileReference; lastKnownFileType = image.png; path = small_document.png; sourceTree = "<group>"; };
		C5C547A41DD50669005128EB /* small_document@2x.png */ = {isa = PBXFileReference; lastKnownFileType = image.png; path = "small_document@2x.png"; sourceTree = "<group>"; };
		C5C547A51DD50669005128EB /* small_document@3x.png */ = {isa = PBXFileReference; lastKnownFileType = image.png; path = "small_document@3x.png"; sourceTree = "<group>"; };
		C5C547A61DD50669005128EB /* small_external_folder.png */ = {isa = PBXFileReference; lastKnownFileType = image.png; path = small_external_folder.png; sourceTree = "<group>"; };
		C5C547A71DD50669005128EB /* small_external_folder@2x.png */ = {isa = PBXFileReference; lastKnownFileType = image.png; path = "small_external_folder@2x.png"; sourceTree = "<group>"; };
		C5C547A81DD50669005128EB /* small_external_folder@3x.png */ = {isa = PBXFileReference; lastKnownFileType = image.png; path = "small_external_folder@3x.png"; sourceTree = "<group>"; };
		C5C547A91DD50669005128EB /* small_icon.png */ = {isa = PBXFileReference; lastKnownFileType = image.png; path = small_icon.png; sourceTree = "<group>"; };
		C5C547AA1DD50669005128EB /* small_icon@2x.png */ = {isa = PBXFileReference; lastKnownFileType = image.png; path = "small_icon@2x.png"; sourceTree = "<group>"; };
		C5C547AB1DD50669005128EB /* small_icon@3x.png */ = {isa = PBXFileReference; lastKnownFileType = image.png; path = "small_icon@3x.png"; sourceTree = "<group>"; };
		C5C547AC1DD50669005128EB /* small_illustrator.png */ = {isa = PBXFileReference; lastKnownFileType = image.png; path = small_illustrator.png; sourceTree = "<group>"; };
		C5C547AD1DD50669005128EB /* small_illustrator@2x.png */ = {isa = PBXFileReference; lastKnownFileType = image.png; path = "small_illustrator@2x.png"; sourceTree = "<group>"; };
		C5C547AE1DD50669005128EB /* small_illustrator@3x.png */ = {isa = PBXFileReference; lastKnownFileType = image.png; path = "small_illustrator@3x.png"; sourceTree = "<group>"; };
		C5C547AF1DD50669005128EB /* small_image.png */ = {isa = PBXFileReference; lastKnownFileType = image.png; path = small_image.png; sourceTree = "<group>"; };
		C5C547B01DD50669005128EB /* small_image@2x.png */ = {isa = PBXFileReference; lastKnownFileType = image.png; path = "small_image@2x.png"; sourceTree = "<group>"; };
		C5C547B11DD50669005128EB /* small_image@3x.png */ = {isa = PBXFileReference; lastKnownFileType = image.png; path = "small_image@3x.png"; sourceTree = "<group>"; };
		C5C547B21DD50669005128EB /* small_inDesign.png */ = {isa = PBXFileReference; lastKnownFileType = image.png; path = small_inDesign.png; sourceTree = "<group>"; };
		C5C547B31DD50669005128EB /* small_inDesign@2x.png */ = {isa = PBXFileReference; lastKnownFileType = image.png; path = "small_inDesign@2x.png"; sourceTree = "<group>"; };
		C5C547B41DD50669005128EB /* small_inDesign@3x.png */ = {isa = PBXFileReference; lastKnownFileType = image.png; path = "small_inDesign@3x.png"; sourceTree = "<group>"; };
		C5C547B51DD50669005128EB /* small_link.png */ = {isa = PBXFileReference; lastKnownFileType = image.png; path = small_link.png; sourceTree = "<group>"; };
		C5C547B61DD50669005128EB /* small_link@2x.png */ = {isa = PBXFileReference; lastKnownFileType = image.png; path = "small_link@2x.png"; sourceTree = "<group>"; };
		C5C547B71DD50669005128EB /* small_link@3x.png */ = {isa = PBXFileReference; lastKnownFileType = image.png; path = "small_link@3x.png"; sourceTree = "<group>"; };
		C5C547B81DD50669005128EB /* small_lock.png */ = {isa = PBXFileReference; lastKnownFileType = image.png; path = small_lock.png; sourceTree = "<group>"; };
		C5C547B91DD50669005128EB /* small_lock@2x.png */ = {isa = PBXFileReference; lastKnownFileType = image.png; path = "small_lock@2x.png"; sourceTree = "<group>"; };
		C5C547BA1DD50669005128EB /* small_lock@3x.png */ = {isa = PBXFileReference; lastKnownFileType = image.png; path = "small_lock@3x.png"; sourceTree = "<group>"; };
		C5C547BE1DD50669005128EB /* small_pdf.png */ = {isa = PBXFileReference; lastKnownFileType = image.png; path = small_pdf.png; sourceTree = "<group>"; };
		C5C547BF1DD50669005128EB /* small_pdf@2x.png */ = {isa = PBXFileReference; lastKnownFileType = image.png; path = "small_pdf@2x.png"; sourceTree = "<group>"; };
		C5C547C01DD50669005128EB /* small_pdf@3x.png */ = {isa = PBXFileReference; lastKnownFileType = image.png; path = "small_pdf@3x.png"; sourceTree = "<group>"; };
		C5C547C11DD50669005128EB /* small_personal_folder.png */ = {isa = PBXFileReference; lastKnownFileType = image.png; path = small_personal_folder.png; sourceTree = "<group>"; };
		C5C547C21DD50669005128EB /* small_personal_folder@2x.png */ = {isa = PBXFileReference; lastKnownFileType = image.png; path = "small_personal_folder@2x.png"; sourceTree = "<group>"; };
		C5C547C31DD50669005128EB /* small_personal_folder@3x.png */ = {isa = PBXFileReference; lastKnownFileType = image.png; path = "small_personal_folder@3x.png"; sourceTree = "<group>"; };
		C5C547C41DD50669005128EB /* small_photoshop.png */ = {isa = PBXFileReference; lastKnownFileType = image.png; path = small_photoshop.png; sourceTree = "<group>"; };
		C5C547C51DD50669005128EB /* small_photoshop@2x.png */ = {isa = PBXFileReference; lastKnownFileType = image.png; path = "small_photoshop@2x.png"; sourceTree = "<group>"; };
		C5C547C61DD50669005128EB /* small_photoshop@3x.png */ = {isa = PBXFileReference; lastKnownFileType = image.png; path = "small_photoshop@3x.png"; sourceTree = "<group>"; };
		C5C547C71DD50669005128EB /* small_presentation.png */ = {isa = PBXFileReference; lastKnownFileType = image.png; path = small_presentation.png; sourceTree = "<group>"; };
		C5C547C81DD50669005128EB /* small_presentation@2x.png */ = {isa = PBXFileReference; lastKnownFileType = image.png; path = "small_presentation@2x.png"; sourceTree = "<group>"; };
		C5C547C91DD50669005128EB /* small_presentation@3x.png */ = {isa = PBXFileReference; lastKnownFileType = image.png; path = "small_presentation@3x.png"; sourceTree = "<group>"; };
		C5C547CA1DD50669005128EB /* small_shared_folder.png */ = {isa = PBXFileReference; lastKnownFileType = image.png; path = small_shared_folder.png; sourceTree = "<group>"; };
		C5C547CB1DD50669005128EB /* small_shared_folder@2x.png */ = {isa = PBXFileReference; lastKnownFileType = image.png; path = "small_shared_folder@2x.png"; sourceTree = "<group>"; };
		C5C547CC1DD50669005128EB /* small_shared_folder@3x.png */ = {isa = PBXFileReference; lastKnownFileType = image.png; path = "small_shared_folder@3x.png"; sourceTree = "<group>"; };
		C5C547CD1DD50669005128EB /* small_sketch.png */ = {isa = PBXFileReference; lastKnownFileType = image.png; path = small_sketch.png; sourceTree = "<group>"; };
		C5C547CE1DD50669005128EB /* small_sketch@2x.png */ = {isa = PBXFileReference; lastKnownFileType = image.png; path = "small_sketch@2x.png"; sourceTree = "<group>"; };
		C5C547CF1DD50669005128EB /* small_sketch@3x.png */ = {isa = PBXFileReference; lastKnownFileType = image.png; path = "small_sketch@3x.png"; sourceTree = "<group>"; };
		C5C547D01DD50669005128EB /* small_spreadsheet.png */ = {isa = PBXFileReference; lastKnownFileType = image.png; path = small_spreadsheet.png; sourceTree = "<group>"; };
		C5C547D11DD50669005128EB /* small_spreadsheet@2x.png */ = {isa = PBXFileReference; lastKnownFileType = image.png; path = "small_spreadsheet@2x.png"; sourceTree = "<group>"; };
		C5C547D21DD50669005128EB /* small_spreadsheet@3x.png */ = {isa = PBXFileReference; lastKnownFileType = image.png; path = "small_spreadsheet@3x.png"; sourceTree = "<group>"; };
		C5C547D31DD50669005128EB /* small_text.png */ = {isa = PBXFileReference; lastKnownFileType = image.png; path = small_text.png; sourceTree = "<group>"; };
		C5C547D41DD50669005128EB /* small_text@2x.png */ = {isa = PBXFileReference; lastKnownFileType = image.png; path = "small_text@2x.png"; sourceTree = "<group>"; };
		C5C547D51DD50669005128EB /* small_text@3x.png */ = {isa = PBXFileReference; lastKnownFileType = image.png; path = "small_text@3x.png"; sourceTree = "<group>"; };
		C5C547D61DD50669005128EB /* small_vector.png */ = {isa = PBXFileReference; lastKnownFileType = image.png; path = small_vector.png; sourceTree = "<group>"; };
		C5C547D71DD50669005128EB /* small_vector@2x.png */ = {isa = PBXFileReference; lastKnownFileType = image.png; path = "small_vector@2x.png"; sourceTree = "<group>"; };
		C5C547D81DD50669005128EB /* small_vector@3x.png */ = {isa = PBXFileReference; lastKnownFileType = image.png; path = "small_vector@3x.png"; sourceTree = "<group>"; };
		C5C547D91DD50669005128EB /* small_video.png */ = {isa = PBXFileReference; lastKnownFileType = image.png; path = small_video.png; sourceTree = "<group>"; };
		C5C547DA1DD50669005128EB /* small_video@2x.png */ = {isa = PBXFileReference; lastKnownFileType = image.png; path = "small_video@2x.png"; sourceTree = "<group>"; };
		C5C547DB1DD50669005128EB /* small_video@3x.png */ = {isa = PBXFileReference; lastKnownFileType = image.png; path = "small_video@3x.png"; sourceTree = "<group>"; };
		C5C547DC1DD50669005128EB /* small_zip.png */ = {isa = PBXFileReference; lastKnownFileType = image.png; path = small_zip.png; sourceTree = "<group>"; };
		C5C547DD1DD50669005128EB /* small_zip@2x.png */ = {isa = PBXFileReference; lastKnownFileType = image.png; path = "small_zip@2x.png"; sourceTree = "<group>"; };
		C5C547DE1DD50669005128EB /* small_zip@3x.png */ = {isa = PBXFileReference; lastKnownFileType = image.png; path = "small_zip@3x.png"; sourceTree = "<group>"; };
		CD0BEF5A387588BCBD69581C /* Pods.framework */ = {isa = PBXFileReference; explicitFileType = wrapper.framework; includeInIndex = 0; path = Pods.framework; sourceTree = BUILT_PRODUCTS_DIR; };
		E18A82261DD7DD8B001B005E /* small_generic.png */ = {isa = PBXFileReference; lastKnownFileType = image.png; path = small_generic.png; sourceTree = "<group>"; };
		E18A82271DD7DD8B001B005E /* small_generic@2x.png */ = {isa = PBXFileReference; lastKnownFileType = image.png; path = "small_generic@2x.png"; sourceTree = "<group>"; };
		E18A82281DD7DD8B001B005E /* small_generic@3x.png */ = {isa = PBXFileReference; lastKnownFileType = image.png; path = "small_generic@3x.png"; sourceTree = "<group>"; };
		E2B78BAC81BD978D5336A21A /* Pods.release.xcconfig */ = {isa = PBXFileReference; includeInIndex = 1; lastKnownFileType = text.xcconfig; name = Pods.release.xcconfig; path = "Pods/Target Support Files/Pods/Pods.release.xcconfig"; sourceTree = "<group>"; };
/* End PBXFileReference section */

/* Begin PBXFrameworksBuildPhase section */
		15146EAD1AC20B77000BA380 /* Frameworks */ = {
			isa = PBXFrameworksBuildPhase;
			buildActionMask = 2147483647;
			files = (
				A3DAF34160188D517F8283B9 /* Pods.framework in Frameworks */,
			);
			runOnlyForDeploymentPostprocessing = 0;
		};
		15146EB81AC20B78000BA380 /* Frameworks */ = {
			isa = PBXFrameworksBuildPhase;
			buildActionMask = 2147483647;
			files = (
			);
			runOnlyForDeploymentPostprocessing = 0;
		};
		1564A5411ACA1908005DD04F /* Frameworks */ = {
			isa = PBXFrameworksBuildPhase;
			buildActionMask = 2147483647;
			files = (
			);
			runOnlyForDeploymentPostprocessing = 0;
		};
/* End PBXFrameworksBuildPhase section */

/* Begin PBXGroup section */
		11B5CF731C59A0A300FDBE0F /* Controllers */ = {
			isa = PBXGroup;
			children = (
				15CE09F91ACC7653006B8614 /* BOXCreateFolderViewController.h */,
				15CE09FA1ACC7653006B8614 /* BOXCreateFolderViewController.m */,
				153113931AC3569100996D00 /* BOXFolderViewController.h */,
				153113941AC3569100996D00 /* BOXFolderViewController.m */,
				15CE0A081ACDEE1A006B8614 /* BOXItemsViewController.h */,
				15CE0A091ACDEE1A006B8614 /* BOXItemsViewController.m */,
				15764E0A1ACF42710023C535 /* BOXSearchResultsViewController.h */,
				15764E0B1ACF42710023C535 /* BOXSearchResultsViewController.m */,
			);
			path = Controllers;
			sourceTree = "<group>";
		};
		11B5CF741C59A17400FDBE0F /* Categories */ = {
			isa = PBXGroup;
			children = (
				11B5CF7F1C59A3F900FDBE0F /* NSBundle+BOXBrowseSDKAdditions.h */,
				11B5CF801C59A3F900FDBE0F /* NSBundle+BOXBrowseSDKAdditions.m */,
				1564A5341ACA12D1005DD04F /* UIImage+BOXBrowseSDKAdditions.h */,
				1564A5351ACA12D1005DD04F /* UIImage+BOXBrowseSDKAdditions.m */,
				11B5CF941C5A88DD00FDBE0F /* BOXItem+BOXBrowseSDKAdditions.h */,
				11B5CF951C5A88DD00FDBE0F /* BOXItem+BOXBrowseSDKAdditions.m */,
			);
			path = Categories;
			sourceTree = "<group>";
		};
		11B5CF751C59A1B000FDBE0F /* Views */ = {
			isa = PBXGroup;
			children = (
				11B5CF761C59A1B900FDBE0F /* Cells */,
			);
			path = Views;
			sourceTree = "<group>";
		};
		11B5CF761C59A1B900FDBE0F /* Cells */ = {
			isa = PBXGroup;
			children = (
				1564A5531ACA1D68005DD04F /* BOXItemCell.h */,
				1564A5541ACA1D68005DD04F /* BOXItemCell.m */,
			);
			path = Cells;
			sourceTree = "<group>";
		};
		11B5CF8A1C59A51E00FDBE0F /* Helpers */ = {
			isa = PBXGroup;
			children = (
				11B5CF8B1C59A53700FDBE0F /* BOXBrowseSDKResourceLocator.h */,
				11B5CF8C1C59A53700FDBE0F /* BOXBrowseSDKResourceLocator.m */,
			);
			name = Helpers;
			sourceTree = "<group>";
		};
		15146EA71AC20B77000BA380 = {
			isa = PBXGroup;
			children = (
				15146EB21AC20B77000BA380 /* BoxBrowseSDK */,
				15146EBF1AC20B78000BA380 /* BoxBrowseSDKTests */,
				1564A5381ACA1373005DD04F /* BoxBrowseSDKResources */,
				1564A5451ACA1908005DD04F /* BoxBrowseSDKResources */,
				15146EB11AC20B77000BA380 /* Products */,
				A687D6BA546CC338C3C307C4 /* Pods */,
				492B2B63CCF1DB357F428F94 /* Frameworks */,
			);
			sourceTree = "<group>";
		};
		15146EB11AC20B77000BA380 /* Products */ = {
			isa = PBXGroup;
			children = (
				15146EB01AC20B77000BA380 /* libBoxBrowseSDK.a */,
				15146EBB1AC20B78000BA380 /* BoxBrowseSDKTests.xctest */,
				1564A5441ACA1908005DD04F /* BoxBrowseSDK.bundle */,
			);
			name = Products;
			sourceTree = "<group>";
		};
		15146EB21AC20B77000BA380 /* BoxBrowseSDK */ = {
			isa = PBXGroup;
			children = (
				15146EB31AC20B77000BA380 /* BoxBrowseSDK.h */,
				15146EB51AC20B77000BA380 /* BoxBrowseSDK.m */,
				1564A6D71ACB3C9E005DD04F /* BOXThumbnailCache.h */,
				1564A6D81ACB3C9E005DD04F /* BOXThumbnailCache.m */,
				15CE0A051ACD15BA006B8614 /* DummyStrings.h */,
				15CE0A061ACD15BA006B8614 /* DummyStrings.m */,
				1501083F1AE5E6B100E1FD4C /* BOXBrowseSDKConstants.h */,
				11B5CF741C59A17400FDBE0F /* Categories */,
				11B5CF731C59A0A300FDBE0F /* Controllers */,
				11B5CF8A1C59A51E00FDBE0F /* Helpers */,
				11B5CF751C59A1B000FDBE0F /* Views */,
			);
			path = BoxBrowseSDK;
			sourceTree = "<group>";
		};
		15146EBF1AC20B78000BA380 /* BoxBrowseSDKTests */ = {
			isa = PBXGroup;
			children = (
				15146EC01AC20B78000BA380 /* Supporting Files */,
			);
			path = BoxBrowseSDKTests;
			sourceTree = "<group>";
		};
		15146EC01AC20B78000BA380 /* Supporting Files */ = {
			isa = PBXGroup;
			children = (
				15146EC11AC20B78000BA380 /* Info.plist */,
			);
			name = "Supporting Files";
			sourceTree = "<group>";
		};
		1564A5381ACA1373005DD04F /* BoxBrowseSDKResources */ = {
			isa = PBXGroup;
			children = (
				1564A5391ACA13FB005DD04F /* Supporting Files */,
			);
			name = BoxBrowseSDKResources;
			sourceTree = "<group>";
		};
		1564A5391ACA13FB005DD04F /* Supporting Files */ = {
			isa = PBXGroup;
			children = (
				C5B0536B1D2F38100009E483 /* Icons */,
			);
			name = "Supporting Files";
			sourceTree = "<group>";
		};
		1564A5451ACA1908005DD04F /* BoxBrowseSDKResources */ = {
			isa = PBXGroup;
			children = (
				1564A5461ACA1908005DD04F /* Supporting Files */,
			);
			path = BoxBrowseSDKResources;
			sourceTree = "<group>";
		};
		1564A5461ACA1908005DD04F /* Supporting Files */ = {
			isa = PBXGroup;
			children = (
				1564A5471ACA1908005DD04F /* Info.plist */,
			);
			name = "Supporting Files";
			sourceTree = "<group>";
		};
		492B2B63CCF1DB357F428F94 /* Frameworks */ = {
			isa = PBXGroup;
			children = (
				CD0BEF5A387588BCBD69581C /* Pods.framework */,
			);
			name = Frameworks;
			sourceTree = "<group>";
		};
		A687D6BA546CC338C3C307C4 /* Pods */ = {
			isa = PBXGroup;
			children = (
				828F7163FC02E1D6797DD3DE /* Pods.debug.xcconfig */,
				E2B78BAC81BD978D5336A21A /* Pods.release.xcconfig */,
			);
			name = Pods;
			sourceTree = "<group>";
		};
		C5B0536B1D2F38100009E483 /* Icons */ = {
			isa = PBXGroup;
			children = (
				C5C547971DD50668005128EB /* small_audio.png */,
				C5C547981DD50668005128EB /* small_audio@2x.png */,
				C5C547991DD50668005128EB /* small_audio@3x.png */,
				C5C5479A1DD50668005128EB /* small_boxnote.png */,
				C5C5479B1DD50669005128EB /* small_boxnote@2x.png */,
				C5C5479C1DD50669005128EB /* small_boxnote@3x.png */,
				C5C5479D1DD50669005128EB /* small_code.png */,
				C5C5479E1DD50669005128EB /* small_code@2x.png */,
				C5C5479F1DD50669005128EB /* small_code@3x.png */,
				C5C547A01DD50669005128EB /* small_database.png */,
				C5C547A11DD50669005128EB /* small_database@2x.png */,
				C5C547A21DD50669005128EB /* small_database@3x.png */,
				C5C547A31DD50669005128EB /* small_document.png */,
				C5C547A41DD50669005128EB /* small_document@2x.png */,
				C5C547A51DD50669005128EB /* small_document@3x.png */,
				C5C547A61DD50669005128EB /* small_external_folder.png */,
				C5C547A71DD50669005128EB /* small_external_folder@2x.png */,
				C5C547A81DD50669005128EB /* small_external_folder@3x.png */,
				C5C547A91DD50669005128EB /* small_icon.png */,
				C5C547AA1DD50669005128EB /* small_icon@2x.png */,
				C5C547AB1DD50669005128EB /* small_icon@3x.png */,
				C5C547AC1DD50669005128EB /* small_illustrator.png */,
				C5C547AD1DD50669005128EB /* small_illustrator@2x.png */,
				C5C547AE1DD50669005128EB /* small_illustrator@3x.png */,
				C5C547AF1DD50669005128EB /* small_image.png */,
				C5C547B01DD50669005128EB /* small_image@2x.png */,
				C5C547B11DD50669005128EB /* small_image@3x.png */,
				C5C547B21DD50669005128EB /* small_inDesign.png */,
				C5C547B31DD50669005128EB /* small_inDesign@2x.png */,
				C5C547B41DD50669005128EB /* small_inDesign@3x.png */,
				C5C547B51DD50669005128EB /* small_link.png */,
				C5C547B61DD50669005128EB /* small_link@2x.png */,
				C5C547B71DD50669005128EB /* small_link@3x.png */,
				C5C547B81DD50669005128EB /* small_lock.png */,
				C5C547B91DD50669005128EB /* small_lock@2x.png */,
				C5C547BA1DD50669005128EB /* small_lock@3x.png */,
				E18A82261DD7DD8B001B005E /* small_generic.png */,
				E18A82271DD7DD8B001B005E /* small_generic@2x.png */,
				E18A82281DD7DD8B001B005E /* small_generic@3x.png */,
				C5C547BE1DD50669005128EB /* small_pdf.png */,
				C5C547BF1DD50669005128EB /* small_pdf@2x.png */,
				C5C547C01DD50669005128EB /* small_pdf@3x.png */,
				C5C547C11DD50669005128EB /* small_personal_folder.png */,
				C5C547C21DD50669005128EB /* small_personal_folder@2x.png */,
				C5C547C31DD50669005128EB /* small_personal_folder@3x.png */,
				C5C547C41DD50669005128EB /* small_photoshop.png */,
				C5C547C51DD50669005128EB /* small_photoshop@2x.png */,
				C5C547C61DD50669005128EB /* small_photoshop@3x.png */,
				C5C547C71DD50669005128EB /* small_presentation.png */,
				C5C547C81DD50669005128EB /* small_presentation@2x.png */,
				C5C547C91DD50669005128EB /* small_presentation@3x.png */,
				C5C547CA1DD50669005128EB /* small_shared_folder.png */,
				C5C547CB1DD50669005128EB /* small_shared_folder@2x.png */,
				C5C547CC1DD50669005128EB /* small_shared_folder@3x.png */,
				C5C547CD1DD50669005128EB /* small_sketch.png */,
				C5C547CE1DD50669005128EB /* small_sketch@2x.png */,
				C5C547CF1DD50669005128EB /* small_sketch@3x.png */,
				C5C547D01DD50669005128EB /* small_spreadsheet.png */,
				C5C547D11DD50669005128EB /* small_spreadsheet@2x.png */,
				C5C547D21DD50669005128EB /* small_spreadsheet@3x.png */,
				C5C547D31DD50669005128EB /* small_text.png */,
				C5C547D41DD50669005128EB /* small_text@2x.png */,
				C5C547D51DD50669005128EB /* small_text@3x.png */,
				C5C547D61DD50669005128EB /* small_vector.png */,
				C5C547D71DD50669005128EB /* small_vector@2x.png */,
				C5C547D81DD50669005128EB /* small_vector@3x.png */,
				C5C547D91DD50669005128EB /* small_video.png */,
				C5C547DA1DD50669005128EB /* small_video@2x.png */,
				C5C547DB1DD50669005128EB /* small_video@3x.png */,
				C5C547DC1DD50669005128EB /* small_zip.png */,
				C5C547DD1DD50669005128EB /* small_zip@2x.png */,
				C5C547DE1DD50669005128EB /* small_zip@3x.png */,
				C5C546771DD5054C005128EB /* audio.png */,
				C5C546781DD5054C005128EB /* audio@2x.png */,
				C5C546791DD5054C005128EB /* audio@3x.png */,
				C5C5467A1DD5054C005128EB /* boxnote.png */,
				C5C5467B1DD5054C005128EB /* boxnote@2x.png */,
				C5C5467C1DD5054C005128EB /* boxnote@3x.png */,
				C5C5467D1DD5054C005128EB /* code.png */,
				C5C5467E1DD5054C005128EB /* code@2x.png */,
				C5C5467F1DD5054C005128EB /* code@3x.png */,
				C5C546801DD5054C005128EB /* database.png */,
				C5C546811DD5054C005128EB /* database@2x.png */,
				C5C546821DD5054C005128EB /* database@3x.png */,
				C5C546831DD5054C005128EB /* document.png */,
				C5C546841DD5054C005128EB /* document@2x.png */,
				C5C546851DD5054C005128EB /* document@3x.png */,
				C5C546861DD5054C005128EB /* external_folder.png */,
				C5C546871DD5054C005128EB /* external_folder@2x.png */,
				C5C546881DD5054C005128EB /* external_folder@3x.png */,
				C5C546891DD5054C005128EB /* generic.png */,
				C5C5468A1DD5054C005128EB /* generic@2x.png */,
				C5C5468B1DD5054C005128EB /* generic@3x.png */,
				C5C5468C1DD5054C005128EB /* icon.png */,
				C5C5468D1DD5054C005128EB /* icon@2x.png */,
				C5C5468E1DD5054C005128EB /* icon@3x.png */,
				C5C5468F1DD5054C005128EB /* illustrator.png */,
				C5C546901DD5054C005128EB /* illustrator@2x.png */,
				C5C546911DD5054C005128EB /* illustrator@3x.png */,
				C5C546921DD5054C005128EB /* image.png */,
				C5C546931DD5054C005128EB /* image@2x.png */,
				C5C546941DD5054C005128EB /* image@3x.png */,
				C5C546951DD5054C005128EB /* inDesign.png */,
				C5C546961DD5054C005128EB /* inDesign@2x.png */,
				C5C546971DD5054C005128EB /* inDesign@3x.png */,
				C5C546981DD5054C005128EB /* link.png */,
				C5C546991DD5054C005128EB /* link@2x.png */,
				C5C5469A1DD5054C005128EB /* link@3x.png */,
				C5C5469B1DD5054C005128EB /* lock.png */,
				C5C5469C1DD5054C005128EB /* lock@2x.png */,
				C5C5469D1DD5054C005128EB /* lock@3x.png */,
				C5C5469E1DD5054C005128EB /* pdf.png */,
				C5C5469F1DD5054C005128EB /* pdf@2x.png */,
				C5C546A01DD5054C005128EB /* pdf@3x.png */,
				C5C546A11DD5054C005128EB /* personal_folder.png */,
				C5C546A21DD5054C005128EB /* personal_folder@2x.png */,
				C5C546A31DD5054C005128EB /* personal_folder@3x.png */,
				C5C546A41DD5054C005128EB /* photoshop.png */,
				C5C546A51DD5054C005128EB /* photoshop@2x.png */,
				C5C546A61DD5054C005128EB /* photoshop@3x.png */,
				C5C546A71DD5054C005128EB /* presentation.png */,
				C5C546A81DD5054C005128EB /* presentation@2x.png */,
				C5C546A91DD5054C005128EB /* presentation@3x.png */,
				C5C546AA1DD5054C005128EB /* shared_folder.png */,
				C5C546AB1DD5054C005128EB /* shared_folder@2x.png */,
				C5C546AC1DD5054C005128EB /* shared_folder@3x.png */,
				C5C546AD1DD5054C005128EB /* sketch.png */,
				C5C546AE1DD5054C005128EB /* sketch@2x.png */,
				C5C546AF1DD5054C005128EB /* sketch@3x.png */,
				C5C546B01DD5054C005128EB /* spreadsheet.png */,
				C5C546B11DD5054C005128EB /* spreadsheet@2x.png */,
				C5C546B21DD5054C005128EB /* spreadsheet@3x.png */,
				C5C546B31DD5054C005128EB /* text.png */,
				C5C546B41DD5054C005128EB /* text@2x.png */,
				C5C546B51DD5054C005128EB /* text@3x.png */,
				C5C546B61DD5054C005128EB /* vector.png */,
				C5C546B71DD5054C005128EB /* vector@2x.png */,
				C5C546B81DD5054C005128EB /* vector@3x.png */,
				C5C546B91DD5054C005128EB /* video.png */,
				C5C546BA1DD5054C005128EB /* video@2x.png */,
				C5C546BB1DD5054C005128EB /* video@3x.png */,
				C5C546BC1DD5054C005128EB /* zip.png */,
				C5C546BD1DD5054C005128EB /* zip@2x.png */,
				C5C546BE1DD5054C005128EB /* zip@3x.png */,
			);
			name = Icons;
			path = BoxBrowseSDKResources/Icons;
			sourceTree = "<group>";
		};
/* End PBXGroup section */

/* Begin PBXHeadersBuildPhase section */
		11B5CF911C59BBBF00FDBE0F /* Headers */ = {
			isa = PBXHeadersBuildPhase;
			buildActionMask = 2147483647;
			files = (
				11B5CF961C5A88DD00FDBE0F /* BOXItem+BOXBrowseSDKAdditions.h in Headers */,
				11B5CF931C59BC1F00FDBE0F /* BoxBrowseSDK.h in Headers */,
			);
			runOnlyForDeploymentPostprocessing = 0;
		};
/* End PBXHeadersBuildPhase section */

/* Begin PBXNativeTarget section */
		15146EAF1AC20B77000BA380 /* BoxBrowseSDK */ = {
			isa = PBXNativeTarget;
			buildConfigurationList = 15146EC41AC20B78000BA380 /* Build configuration list for PBXNativeTarget "BoxBrowseSDK" */;
			buildPhases = (
				1098612717CDA1B7FC3F4FE5 /* Check Pods Manifest.lock */,
				15146EAC1AC20B77000BA380 /* Sources */,
				15146EAD1AC20B77000BA380 /* Frameworks */,
				11B5CF911C59BBBF00FDBE0F /* Headers */,
				888F12C745D6E55301C33AF0 /* Copy Pods Resources */,
			);
			buildRules = (
			);
			dependencies = (
				1564A54E1ACA19DC005DD04F /* PBXTargetDependency */,
			);
			name = BoxBrowseSDK;
			productName = BoxBrowseSDK;
			productReference = 15146EB01AC20B77000BA380 /* libBoxBrowseSDK.a */;
			productType = "com.apple.product-type.library.static";
		};
		15146EBA1AC20B78000BA380 /* BoxBrowseSDKTests */ = {
			isa = PBXNativeTarget;
			buildConfigurationList = 15146EC71AC20B78000BA380 /* Build configuration list for PBXNativeTarget "BoxBrowseSDKTests" */;
			buildPhases = (
				5153BA99B1D1F7D9C8A34D67 /* Check Pods Manifest.lock */,
				15146EB71AC20B78000BA380 /* Sources */,
				15146EB81AC20B78000BA380 /* Frameworks */,
				15146EB91AC20B78000BA380 /* Resources */,
				8DA2413149439E68CB7174C7 /* Copy Pods Resources */,
			);
			buildRules = (
			);
			dependencies = (
				15146EBE1AC20B78000BA380 /* PBXTargetDependency */,
			);
			name = BoxBrowseSDKTests;
			productName = BoxBrowseSDKTests;
			productReference = 15146EBB1AC20B78000BA380 /* BoxBrowseSDKTests.xctest */;
			productType = "com.apple.product-type.bundle.unit-test";
		};
		1564A5431ACA1908005DD04F /* BoxBrowseSDKResources */ = {
			isa = PBXNativeTarget;
			buildConfigurationList = 1564A5481ACA1908005DD04F /* Build configuration list for PBXNativeTarget "BoxBrowseSDKResources" */;
			buildPhases = (
				1564A5401ACA1908005DD04F /* Sources */,
				1564A5411ACA1908005DD04F /* Frameworks */,
				1564A5421ACA1908005DD04F /* Resources */,
			);
			buildRules = (
			);
			dependencies = (
			);
			name = BoxBrowseSDKResources;
			productName = BoxBrowseSDKResources;
			productReference = 1564A5441ACA1908005DD04F /* BoxBrowseSDK.bundle */;
			productType = "com.apple.product-type.bundle";
		};
/* End PBXNativeTarget section */

/* Begin PBXProject section */
		15146EA81AC20B77000BA380 /* Project object */ = {
			isa = PBXProject;
			attributes = {
				LastUpgradeCheck = 0800;
				ORGANIZATIONNAME = BOX;
				TargetAttributes = {
					15146EAF1AC20B77000BA380 = {
						CreatedOnToolsVersion = 6.2;
					};
					15146EBA1AC20B78000BA380 = {
						CreatedOnToolsVersion = 6.2;
					};
					1564A5431ACA1908005DD04F = {
						CreatedOnToolsVersion = 6.2;
					};
				};
			};
			buildConfigurationList = 15146EAB1AC20B77000BA380 /* Build configuration list for PBXProject "BoxBrowseSDK" */;
			compatibilityVersion = "Xcode 3.2";
			developmentRegion = English;
			hasScannedForEncodings = 0;
			knownRegions = (
				en,
			);
			mainGroup = 15146EA71AC20B77000BA380;
			productRefGroup = 15146EB11AC20B77000BA380 /* Products */;
			projectDirPath = "";
			projectRoot = "";
			targets = (
				15146EAF1AC20B77000BA380 /* BoxBrowseSDK */,
				15146EBA1AC20B78000BA380 /* BoxBrowseSDKTests */,
				1564A5431ACA1908005DD04F /* BoxBrowseSDKResources */,
			);
		};
/* End PBXProject section */

/* Begin PBXResourcesBuildPhase section */
		15146EB91AC20B78000BA380 /* Resources */ = {
			isa = PBXResourcesBuildPhase;
			buildActionMask = 2147483647;
			files = (
			);
			runOnlyForDeploymentPostprocessing = 0;
		};
		1564A5421ACA1908005DD04F /* Resources */ = {
			isa = PBXResourcesBuildPhase;
			buildActionMask = 2147483647;
			files = (
				C5C547DF1DD50677005128EB /* small_audio.png in Resources */,
				C5C547E01DD50677005128EB /* small_audio@2x.png in Resources */,
				C5C547E11DD50677005128EB /* small_audio@3x.png in Resources */,
				C5C547E21DD50677005128EB /* small_boxnote.png in Resources */,
				C5C547E31DD50677005128EB /* small_boxnote@2x.png in Resources */,
				C5C547E41DD50677005128EB /* small_boxnote@3x.png in Resources */,
				C5C547E51DD50677005128EB /* small_code.png in Resources */,
				C5C547E61DD50677005128EB /* small_code@2x.png in Resources */,
				C5C547E71DD50677005128EB /* small_code@3x.png in Resources */,
				C5C547E81DD50677005128EB /* small_database.png in Resources */,
				C5C547E91DD50677005128EB /* small_database@2x.png in Resources */,
				C5C547EA1DD50677005128EB /* small_database@3x.png in Resources */,
				C5C547EB1DD50677005128EB /* small_document.png in Resources */,
				C5C547EC1DD50677005128EB /* small_document@2x.png in Resources */,
				C5C547ED1DD50677005128EB /* small_document@3x.png in Resources */,
				C5C547EE1DD50677005128EB /* small_external_folder.png in Resources */,
				C5C547EF1DD50677005128EB /* small_external_folder@2x.png in Resources */,
				C5C547F01DD50677005128EB /* small_external_folder@3x.png in Resources */,
				C5C547F11DD50677005128EB /* small_icon.png in Resources */,
				C5C547F21DD50677005128EB /* small_icon@2x.png in Resources */,
				C5C547F31DD50677005128EB /* small_icon@3x.png in Resources */,
				C5C547F41DD50677005128EB /* small_illustrator.png in Resources */,
				C5C547F51DD50677005128EB /* small_illustrator@2x.png in Resources */,
				C5C547F61DD50677005128EB /* small_illustrator@3x.png in Resources */,
				C5C547F71DD50677005128EB /* small_image.png in Resources */,
				C5C547F81DD50677005128EB /* small_image@2x.png in Resources */,
				C5C547F91DD50677005128EB /* small_image@3x.png in Resources */,
				C5C547FA1DD50677005128EB /* small_inDesign.png in Resources */,
				C5C547FB1DD50677005128EB /* small_inDesign@2x.png in Resources */,
				C5C547FC1DD50677005128EB /* small_inDesign@3x.png in Resources */,
				C5C547FD1DD50677005128EB /* small_link.png in Resources */,
				C5C547FE1DD50677005128EB /* small_link@2x.png in Resources */,
				C5C547FF1DD50677005128EB /* small_link@3x.png in Resources */,
				C5C548001DD50677005128EB /* small_lock.png in Resources */,
				C5C548011DD50677005128EB /* small_lock@2x.png in Resources */,
				C5C548021DD50677005128EB /* small_lock@3x.png in Resources */,
				C5C548061DD50677005128EB /* small_pdf.png in Resources */,
				C5C548071DD50677005128EB /* small_pdf@2x.png in Resources */,
				C5C548081DD50677005128EB /* small_pdf@3x.png in Resources */,
				C5C548091DD50677005128EB /* small_personal_folder.png in Resources */,
				C5C5480A1DD50677005128EB /* small_personal_folder@2x.png in Resources */,
				C5C5480B1DD50677005128EB /* small_personal_folder@3x.png in Resources */,
				C5C5480C1DD50677005128EB /* small_photoshop.png in Resources */,
				C5C5480D1DD50677005128EB /* small_photoshop@2x.png in Resources */,
				C5C5480E1DD50677005128EB /* small_photoshop@3x.png in Resources */,
				E18A822C1DD7DD8B001B005E /* small_generic@2x.png in Resources */,
				C5C5480F1DD50677005128EB /* small_presentation.png in Resources */,
				C5C548101DD50677005128EB /* small_presentation@2x.png in Resources */,
				C5C548111DD50677005128EB /* small_presentation@3x.png in Resources */,
				C5C548121DD50677005128EB /* small_shared_folder.png in Resources */,
				C5C548131DD50677005128EB /* small_shared_folder@2x.png in Resources */,
				C5C548141DD50677005128EB /* small_shared_folder@3x.png in Resources */,
				C5C548151DD50677005128EB /* small_sketch.png in Resources */,
				C5C548161DD50677005128EB /* small_sketch@2x.png in Resources */,
				C5C548171DD50677005128EB /* small_sketch@3x.png in Resources */,
				C5C548181DD50677005128EB /* small_spreadsheet.png in Resources */,
				C5C548191DD50677005128EB /* small_spreadsheet@2x.png in Resources */,
				C5C5481A1DD50677005128EB /* small_spreadsheet@3x.png in Resources */,
				C5C5481B1DD50677005128EB /* small_text.png in Resources */,
				C5C5481C1DD50677005128EB /* small_text@2x.png in Resources */,
				C5C5481D1DD50677005128EB /* small_text@3x.png in Resources */,
				C5C5481E1DD50677005128EB /* small_vector.png in Resources */,
				C5C5481F1DD50677005128EB /* small_vector@2x.png in Resources */,
				C5C548201DD50677005128EB /* small_vector@3x.png in Resources */,
				C5C548211DD50677005128EB /* small_video.png in Resources */,
				C5C548221DD50677005128EB /* small_video@2x.png in Resources */,
				C5C548231DD50677005128EB /* small_video@3x.png in Resources */,
				C5C548241DD50677005128EB /* small_zip.png in Resources */,
				C5C548251DD50677005128EB /* small_zip@2x.png in Resources */,
				C5C548261DD50677005128EB /* small_zip@3x.png in Resources */,
				C5C5474F1DD5057A005128EB /* audio.png in Resources */,
				C5C547501DD5057A005128EB /* audio@2x.png in Resources */,
				C5C547511DD5057A005128EB /* audio@3x.png in Resources */,
				C5C547521DD5057A005128EB /* boxnote.png in Resources */,
				C5C547531DD5057A005128EB /* boxnote@2x.png in Resources */,
				C5C547541DD5057A005128EB /* boxnote@3x.png in Resources */,
				C5C547551DD5057A005128EB /* code.png in Resources */,
				C5C547561DD5057A005128EB /* code@2x.png in Resources */,
				C5C547571DD5057A005128EB /* code@3x.png in Resources */,
				E18A822A1DD7DD8B001B005E /* small_generic.png in Resources */,
				C5C547581DD5057A005128EB /* database.png in Resources */,
				C5C547591DD5057A005128EB /* database@2x.png in Resources */,
				C5C5475A1DD5057A005128EB /* database@3x.png in Resources */,
				C5C5475B1DD5057A005128EB /* document.png in Resources */,
				C5C5475C1DD5057A005128EB /* document@2x.png in Resources */,
				C5C5475D1DD5057A005128EB /* document@3x.png in Resources */,
				C5C5475E1DD5057A005128EB /* external_folder.png in Resources */,
				C5C5475F1DD5057A005128EB /* external_folder@2x.png in Resources */,
				C5C547601DD5057A005128EB /* external_folder@3x.png in Resources */,
				C5C547611DD5057A005128EB /* generic.png in Resources */,
				C5C547621DD5057A005128EB /* generic@2x.png in Resources */,
				C5C547631DD5057A005128EB /* generic@3x.png in Resources */,
				C5C547641DD5057A005128EB /* icon.png in Resources */,
				C5C547651DD5057A005128EB /* icon@2x.png in Resources */,
				C5C547661DD5057A005128EB /* icon@3x.png in Resources */,
				C5C547671DD5057A005128EB /* illustrator.png in Resources */,
				C5C547681DD5057A005128EB /* illustrator@2x.png in Resources */,
				C5C547691DD5057A005128EB /* illustrator@3x.png in Resources */,
				C5C5476A1DD5057A005128EB /* image.png in Resources */,
				C5C5476B1DD5057A005128EB /* image@2x.png in Resources */,
				C5C5476C1DD5057A005128EB /* image@3x.png in Resources */,
				C5C5476D1DD5057A005128EB /* inDesign.png in Resources */,
				C5C5476E1DD5057A005128EB /* inDesign@2x.png in Resources */,
				C5C5476F1DD5057A005128EB /* inDesign@3x.png in Resources */,
				C5C547701DD5057A005128EB /* link.png in Resources */,
				C5C547711DD5057A005128EB /* link@2x.png in Resources */,
				C5C547721DD5057A005128EB /* link@3x.png in Resources */,
				C5C547731DD5057A005128EB /* lock.png in Resources */,
				C5C547741DD5057A005128EB /* lock@2x.png in Resources */,
				C5C547751DD5057A005128EB /* lock@3x.png in Resources */,
				C5C547761DD5057A005128EB /* pdf.png in Resources */,
				C5C547771DD5057A005128EB /* pdf@2x.png in Resources */,
				C5C547781DD5057A005128EB /* pdf@3x.png in Resources */,
				C5C547791DD5057A005128EB /* personal_folder.png in Resources */,
				C5C5477A1DD5057A005128EB /* personal_folder@2x.png in Resources */,
				C5C5477B1DD5057A005128EB /* personal_folder@3x.png in Resources */,
				C5C5477C1DD5057A005128EB /* photoshop.png in Resources */,
				E18A822E1DD7DD8B001B005E /* small_generic@3x.png in Resources */,
				C5C5477D1DD5057A005128EB /* photoshop@2x.png in Resources */,
				C5C5477E1DD5057A005128EB /* photoshop@3x.png in Resources */,
				C5C5477F1DD5057A005128EB /* presentation.png in Resources */,
				C5C547801DD5057A005128EB /* presentation@2x.png in Resources */,
				C5C547811DD5057A005128EB /* presentation@3x.png in Resources */,
				C5C547821DD5057A005128EB /* shared_folder.png in Resources */,
				C5C547831DD5057A005128EB /* shared_folder@2x.png in Resources */,
				C5C547841DD5057A005128EB /* shared_folder@3x.png in Resources */,
				C5C547851DD5057A005128EB /* sketch.png in Resources */,
				C5C547861DD5057A005128EB /* sketch@2x.png in Resources */,
				C5C547871DD5057A005128EB /* sketch@3x.png in Resources */,
				C5C547881DD5057A005128EB /* spreadsheet.png in Resources */,
				C5C547891DD5057A005128EB /* spreadsheet@2x.png in Resources */,
				C5C5478A1DD5057A005128EB /* spreadsheet@3x.png in Resources */,
				C5C5478B1DD5057A005128EB /* text.png in Resources */,
				C5C5478C1DD5057A005128EB /* text@2x.png in Resources */,
				C5C5478D1DD5057A005128EB /* text@3x.png in Resources */,
				C5C5478E1DD5057A005128EB /* vector.png in Resources */,
				C5C5478F1DD5057A005128EB /* vector@2x.png in Resources */,
				C5C547901DD5057A005128EB /* vector@3x.png in Resources */,
				C5C547911DD5057A005128EB /* video.png in Resources */,
				C5C547921DD5057A005128EB /* video@2x.png in Resources */,
				C5C547931DD5057A005128EB /* video@3x.png in Resources */,
				C5C547941DD5057A005128EB /* zip.png in Resources */,
				C5C547951DD5057A005128EB /* zip@2x.png in Resources */,
				C5C547961DD5057A005128EB /* zip@3x.png in Resources */,
			);
			runOnlyForDeploymentPostprocessing = 0;
		};
/* End PBXResourcesBuildPhase section */

/* Begin PBXShellScriptBuildPhase section */
		1098612717CDA1B7FC3F4FE5 /* Check Pods Manifest.lock */ = {
			isa = PBXShellScriptBuildPhase;
			buildActionMask = 2147483647;
			files = (
			);
			inputPaths = (
			);
			name = "Check Pods Manifest.lock";
			outputPaths = (
			);
			runOnlyForDeploymentPostprocessing = 0;
			shellPath = /bin/sh;
			shellScript = "diff \"${PODS_ROOT}/../Podfile.lock\" \"${PODS_ROOT}/Manifest.lock\" > /dev/null\nif [[ $? != 0 ]] ; then\n    cat << EOM\nerror: The sandbox is not in sync with the Podfile.lock. Run 'pod install' or update your CocoaPods installation.\nEOM\n    exit 1\nfi\n";
			showEnvVarsInLog = 0;
		};
		5153BA99B1D1F7D9C8A34D67 /* Check Pods Manifest.lock */ = {
			isa = PBXShellScriptBuildPhase;
			buildActionMask = 2147483647;
			files = (
			);
			inputPaths = (
			);
			name = "Check Pods Manifest.lock";
			outputPaths = (
			);
			runOnlyForDeploymentPostprocessing = 0;
			shellPath = /bin/sh;
			shellScript = "diff \"${PODS_ROOT}/../Podfile.lock\" \"${PODS_ROOT}/Manifest.lock\" > /dev/null\nif [[ $? != 0 ]] ; then\n    cat << EOM\nerror: The sandbox is not in sync with the Podfile.lock. Run 'pod install' or update your CocoaPods installation.\nEOM\n    exit 1\nfi\n";
			showEnvVarsInLog = 0;
		};
		888F12C745D6E55301C33AF0 /* Copy Pods Resources */ = {
			isa = PBXShellScriptBuildPhase;
			buildActionMask = 2147483647;
			files = (
			);
			inputPaths = (
			);
			name = "Copy Pods Resources";
			outputPaths = (
			);
			runOnlyForDeploymentPostprocessing = 0;
			shellPath = /bin/sh;
			shellScript = "\"${SRCROOT}/Pods/Target Support Files/Pods/Pods-resources.sh\"\n";
			showEnvVarsInLog = 0;
		};
		8DA2413149439E68CB7174C7 /* Copy Pods Resources */ = {
			isa = PBXShellScriptBuildPhase;
			buildActionMask = 2147483647;
			files = (
			);
			inputPaths = (
			);
			name = "Copy Pods Resources";
			outputPaths = (
			);
			runOnlyForDeploymentPostprocessing = 0;
			shellPath = /bin/sh;
			shellScript = "\"${SRCROOT}/Pods/Target Support Files/Pods/Pods-resources.sh\"\n";
			showEnvVarsInLog = 0;
		};
/* End PBXShellScriptBuildPhase section */

/* Begin PBXSourcesBuildPhase section */
		15146EAC1AC20B77000BA380 /* Sources */ = {
			isa = PBXSourcesBuildPhase;
			buildActionMask = 2147483647;
			files = (
				1564A5551ACA1D68005DD04F /* BOXItemCell.m in Sources */,
				1564A6D91ACB3C9E005DD04F /* BOXThumbnailCache.m in Sources */,
				15146EB61AC20B77000BA380 /* BoxBrowseSDK.m in Sources */,
				15764E0C1ACF42710023C535 /* BOXSearchResultsViewController.m in Sources */,
				153113951AC3569100996D00 /* BOXFolderViewController.m in Sources */,
				15CE09FB1ACC7653006B8614 /* BOXCreateFolderViewController.m in Sources */,
				11B5CF841C59A3F900FDBE0F /* NSBundle+BOXBrowseSDKAdditions.m in Sources */,
				15CE0A071ACD15BA006B8614 /* DummyStrings.m in Sources */,
				11B5CF8E1C59A53700FDBE0F /* BOXBrowseSDKResourceLocator.m in Sources */,
				1564A5361ACA12D1005DD04F /* UIImage+BOXBrowseSDKAdditions.m in Sources */,
				11B5CF971C5A88DD00FDBE0F /* BOXItem+BOXBrowseSDKAdditions.m in Sources */,
				15CE0A0A1ACDEE1A006B8614 /* BOXItemsViewController.m in Sources */,
			);
			runOnlyForDeploymentPostprocessing = 0;
		};
		15146EB71AC20B78000BA380 /* Sources */ = {
			isa = PBXSourcesBuildPhase;
			buildActionMask = 2147483647;
			files = (
				15DC5B261AE01EFE003FB3E9 /* BOXItemCell.m in Sources */,
				11B5CF8F1C59A53700FDBE0F /* BOXBrowseSDKResourceLocator.m in Sources */,
				15764E0D1ACF42710023C535 /* BOXSearchResultsViewController.m in Sources */,
				11B5CF851C59A3F900FDBE0F /* NSBundle+BOXBrowseSDKAdditions.m in Sources */,
				1564A5371ACA12D1005DD04F /* UIImage+BOXBrowseSDKAdditions.m in Sources */,
				1564A6DA1ACB3C9E005DD04F /* BOXThumbnailCache.m in Sources */,
				15CE09FC1ACC7653006B8614 /* BOXCreateFolderViewController.m in Sources */,
				153113961AC3569100996D00 /* BOXFolderViewController.m in Sources */,
				15CE0A0B1ACDEE1A006B8614 /* BOXItemsViewController.m in Sources */,
			);
			runOnlyForDeploymentPostprocessing = 0;
		};
		1564A5401ACA1908005DD04F /* Sources */ = {
			isa = PBXSourcesBuildPhase;
			buildActionMask = 2147483647;
			files = (
			);
			runOnlyForDeploymentPostprocessing = 0;
		};
/* End PBXSourcesBuildPhase section */

/* Begin PBXTargetDependency section */
		15146EBE1AC20B78000BA380 /* PBXTargetDependency */ = {
			isa = PBXTargetDependency;
			target = 15146EAF1AC20B77000BA380 /* BoxBrowseSDK */;
			targetProxy = 15146EBD1AC20B78000BA380 /* PBXContainerItemProxy */;
		};
		1564A54E1ACA19DC005DD04F /* PBXTargetDependency */ = {
			isa = PBXTargetDependency;
			target = 1564A5431ACA1908005DD04F /* BoxBrowseSDKResources */;
			targetProxy = 1564A54D1ACA19DC005DD04F /* PBXContainerItemProxy */;
		};
/* End PBXTargetDependency section */

/* Begin XCBuildConfiguration section */
		15146EC21AC20B78000BA380 /* Debug */ = {
			isa = XCBuildConfiguration;
			buildSettings = {
				ALWAYS_SEARCH_USER_PATHS = NO;
				CLANG_CXX_LANGUAGE_STANDARD = "gnu++0x";
				CLANG_CXX_LIBRARY = "libc++";
				CLANG_ENABLE_MODULES = YES;
				CLANG_ENABLE_OBJC_ARC = YES;
				CLANG_WARN_BOOL_CONVERSION = YES;
				CLANG_WARN_CONSTANT_CONVERSION = YES;
				CLANG_WARN_DIRECT_OBJC_ISA_USAGE = YES_ERROR;
				CLANG_WARN_EMPTY_BODY = YES;
				CLANG_WARN_ENUM_CONVERSION = YES;
				CLANG_WARN_INFINITE_RECURSION = YES;
				CLANG_WARN_INT_CONVERSION = YES;
				CLANG_WARN_OBJC_ROOT_CLASS = YES_ERROR;
				CLANG_WARN_SUSPICIOUS_MOVE = YES;
				CLANG_WARN_UNREACHABLE_CODE = YES;
				CLANG_WARN__DUPLICATE_METHOD_MATCH = YES;
				COPY_PHASE_STRIP = NO;
				ENABLE_STRICT_OBJC_MSGSEND = YES;
				ENABLE_TESTABILITY = YES;
				GCC_C_LANGUAGE_STANDARD = gnu99;
				GCC_DYNAMIC_NO_PIC = NO;
				GCC_NO_COMMON_BLOCKS = YES;
				GCC_OPTIMIZATION_LEVEL = 0;
				GCC_PREPROCESSOR_DEFINITIONS = (
					"DEBUG=1",
					"$(inherited)",
				);
				GCC_SYMBOLS_PRIVATE_EXTERN = NO;
				GCC_WARN_64_TO_32_BIT_CONVERSION = YES;
				GCC_WARN_ABOUT_RETURN_TYPE = YES_ERROR;
				GCC_WARN_UNDECLARED_SELECTOR = YES;
				GCC_WARN_UNINITIALIZED_AUTOS = YES_AGGRESSIVE;
				GCC_WARN_UNUSED_FUNCTION = YES;
				GCC_WARN_UNUSED_VARIABLE = YES;
				IPHONEOS_DEPLOYMENT_TARGET = 8.0;
				MTL_ENABLE_DEBUG_INFO = YES;
				ONLY_ACTIVE_ARCH = YES;
				SDKROOT = iphoneos;
			};
			name = Debug;
		};
		15146EC31AC20B78000BA380 /* Release */ = {
			isa = XCBuildConfiguration;
			buildSettings = {
				ALWAYS_SEARCH_USER_PATHS = NO;
				CLANG_CXX_LANGUAGE_STANDARD = "gnu++0x";
				CLANG_CXX_LIBRARY = "libc++";
				CLANG_ENABLE_MODULES = YES;
				CLANG_ENABLE_OBJC_ARC = YES;
				CLANG_WARN_BOOL_CONVERSION = YES;
				CLANG_WARN_CONSTANT_CONVERSION = YES;
				CLANG_WARN_DIRECT_OBJC_ISA_USAGE = YES_ERROR;
				CLANG_WARN_EMPTY_BODY = YES;
				CLANG_WARN_ENUM_CONVERSION = YES;
				CLANG_WARN_INFINITE_RECURSION = YES;
				CLANG_WARN_INT_CONVERSION = YES;
				CLANG_WARN_OBJC_ROOT_CLASS = YES_ERROR;
				CLANG_WARN_SUSPICIOUS_MOVE = YES;
				CLANG_WARN_UNREACHABLE_CODE = YES;
				CLANG_WARN__DUPLICATE_METHOD_MATCH = YES;
				COPY_PHASE_STRIP = NO;
				ENABLE_NS_ASSERTIONS = NO;
				ENABLE_STRICT_OBJC_MSGSEND = YES;
				GCC_C_LANGUAGE_STANDARD = gnu99;
				GCC_NO_COMMON_BLOCKS = YES;
				GCC_WARN_64_TO_32_BIT_CONVERSION = YES;
				GCC_WARN_ABOUT_RETURN_TYPE = YES_ERROR;
				GCC_WARN_UNDECLARED_SELECTOR = YES;
				GCC_WARN_UNINITIALIZED_AUTOS = YES_AGGRESSIVE;
				GCC_WARN_UNUSED_FUNCTION = YES;
				GCC_WARN_UNUSED_VARIABLE = YES;
				IPHONEOS_DEPLOYMENT_TARGET = 8.0;
				MTL_ENABLE_DEBUG_INFO = NO;
				SDKROOT = iphoneos;
				VALIDATE_PRODUCT = YES;
			};
			name = Release;
		};
		15146EC51AC20B78000BA380 /* Debug */ = {
			isa = XCBuildConfiguration;
			baseConfigurationReference = 828F7163FC02E1D6797DD3DE /* Pods.debug.xcconfig */;
			buildSettings = {
				OTHER_LDFLAGS = "$(inherited)";
				PRODUCT_NAME = "$(TARGET_NAME)";
				SKIP_INSTALL = YES;
			};
			name = Debug;
		};
		15146EC61AC20B78000BA380 /* Release */ = {
			isa = XCBuildConfiguration;
			baseConfigurationReference = E2B78BAC81BD978D5336A21A /* Pods.release.xcconfig */;
			buildSettings = {
				OTHER_LDFLAGS = "$(inherited)";
				PRODUCT_NAME = "$(TARGET_NAME)";
				SKIP_INSTALL = YES;
			};
			name = Release;
		};
		15146EC81AC20B78000BA380 /* Debug */ = {
			isa = XCBuildConfiguration;
			baseConfigurationReference = 828F7163FC02E1D6797DD3DE /* Pods.debug.xcconfig */;
			buildSettings = {
				FRAMEWORK_SEARCH_PATHS = (
					"$(SDKROOT)/Developer/Library/Frameworks",
					"$(inherited)",
				);
				GCC_PREPROCESSOR_DEFINITIONS = (
					"DEBUG=1",
					"$(inherited)",
				);
				INFOPLIST_FILE = BoxBrowseSDKTests/Info.plist;
				LD_RUNPATH_SEARCH_PATHS = "$(inherited) @executable_path/Frameworks @loader_path/Frameworks";
				PRODUCT_BUNDLE_IDENTIFIER = "com.box.$(PRODUCT_NAME:rfc1034identifier)";
				PRODUCT_NAME = "$(TARGET_NAME)";
			};
			name = Debug;
		};
		15146EC91AC20B78000BA380 /* Release */ = {
			isa = XCBuildConfiguration;
			baseConfigurationReference = E2B78BAC81BD978D5336A21A /* Pods.release.xcconfig */;
			buildSettings = {
				FRAMEWORK_SEARCH_PATHS = (
					"$(SDKROOT)/Developer/Library/Frameworks",
					"$(inherited)",
				);
				INFOPLIST_FILE = BoxBrowseSDKTests/Info.plist;
				LD_RUNPATH_SEARCH_PATHS = "$(inherited) @executable_path/Frameworks @loader_path/Frameworks";
				PRODUCT_BUNDLE_IDENTIFIER = "com.box.$(PRODUCT_NAME:rfc1034identifier)";
				PRODUCT_NAME = "$(TARGET_NAME)";
			};
			name = Release;
		};
		1564A5491ACA1908005DD04F /* Debug */ = {
			isa = XCBuildConfiguration;
			buildSettings = {
				GCC_PREPROCESSOR_DEFINITIONS = (
					"DEBUG=1",
					"$(inherited)",
				);
				INFOPLIST_FILE = BoxBrowseSDKResources/Info.plist;
				INSTALL_PATH = "$(LOCAL_LIBRARY_DIR)/Bundles";
				MACOSX_DEPLOYMENT_TARGET = 10.9;
				PRODUCT_BUNDLE_IDENTIFIER = "com.box.$(PRODUCT_NAME:rfc1034identifier)";
				PRODUCT_NAME = BoxBrowseSDK;
				SKIP_INSTALL = YES;
				WRAPPER_EXTENSION = bundle;
			};
			name = Debug;
		};
		1564A54A1ACA1908005DD04F /* Release */ = {
			isa = XCBuildConfiguration;
			buildSettings = {
				DEBUG_INFORMATION_FORMAT = "dwarf-with-dsym";
				INFOPLIST_FILE = BoxBrowseSDKResources/Info.plist;
				INSTALL_PATH = "$(LOCAL_LIBRARY_DIR)/Bundles";
				MACOSX_DEPLOYMENT_TARGET = 10.9;
				PRODUCT_BUNDLE_IDENTIFIER = "com.box.$(PRODUCT_NAME:rfc1034identifier)";
				PRODUCT_NAME = BoxBrowseSDK;
				SKIP_INSTALL = YES;
				WRAPPER_EXTENSION = bundle;
			};
			name = Release;
		};
/* End XCBuildConfiguration section */

/* Begin XCConfigurationList section */
		15146EAB1AC20B77000BA380 /* Build configuration list for PBXProject "BoxBrowseSDK" */ = {
			isa = XCConfigurationList;
			buildConfigurations = (
				15146EC21AC20B78000BA380 /* Debug */,
				15146EC31AC20B78000BA380 /* Release */,
			);
			defaultConfigurationIsVisible = 0;
			defaultConfigurationName = Release;
		};
		15146EC41AC20B78000BA380 /* Build configuration list for PBXNativeTarget "BoxBrowseSDK" */ = {
			isa = XCConfigurationList;
			buildConfigurations = (
				15146EC51AC20B78000BA380 /* Debug */,
				15146EC61AC20B78000BA380 /* Release */,
			);
			defaultConfigurationIsVisible = 0;
			defaultConfigurationName = Release;
		};
		15146EC71AC20B78000BA380 /* Build configuration list for PBXNativeTarget "BoxBrowseSDKTests" */ = {
			isa = XCConfigurationList;
			buildConfigurations = (
				15146EC81AC20B78000BA380 /* Debug */,
				15146EC91AC20B78000BA380 /* Release */,
			);
			defaultConfigurationIsVisible = 0;
			defaultConfigurationName = Release;
		};
		1564A5481ACA1908005DD04F /* Build configuration list for PBXNativeTarget "BoxBrowseSDKResources" */ = {
			isa = XCConfigurationList;
			buildConfigurations = (
				1564A5491ACA1908005DD04F /* Debug */,
				1564A54A1ACA1908005DD04F /* Release */,
			);
			defaultConfigurationIsVisible = 0;
			defaultConfigurationName = Release;
		};
/* End XCConfigurationList section */
	};
	rootObject = 15146EA81AC20B77000BA380 /* Project object */;
}
